
Microsoft Visual Studio Solution File, Format Version 12.00
# Visual Studio Version 17
VisualStudioVersion = 17.9.34414.90
MinimumVisualStudioVersion = 15.0.26124.0
Project("{2150E333-8FDC-42A3-9474-1A3956D46DE8}") = "src", "src", "{3C549079-A502-4B40-B051-5278915AE91B}"
EndProject
Project("{2150E333-8FDC-42A3-9474-1A3956D46DE8}") = "samples", "samples", "{E14F66D1-EA3E-40C6-835A-91A4382D4646}"
EndProject
Project("{9A19103F-16F7-4668-BE54-9A1E7A4F7556}") = "IdentityServer", "samples\IdentityServer\IdentityServer.csproj", "{CE1159B9-F763-4C32-828A-77529A820415}"
EndProject
Project("{2150E333-8FDC-42A3-9474-1A3956D46DE8}") = "test", "test", "{B2A776DB-385B-4AD4-96A5-61746FD909C3}"
EndProject
Project("{2150E333-8FDC-42A3-9474-1A3956D46DE8}") = "migrations", "migrations", "{439382D9-7230-4AD0-A82F-956020041BDD}"
EndProject
Project("{9A19103F-16F7-4668-BE54-9A1E7A4F7556}") = "UserSessionDb", "migrations\UserSessionDb\UserSessionDb.csproj", "{F01EA18D-DAA2-41A3-B6B4-5F7B185C3525}"
EndProject
Project("{9A19103F-16F7-4668-BE54-9A1E7A4F7556}") = "JS.Yarp", "samples\JS.Yarp\JS.Yarp.csproj", "{7ACD3916-576B-4C5F-B2A9-4617535E95ED}"
EndProject
Project("{9A19103F-16F7-4668-BE54-9A1E7A4F7556}") = "JS8", "samples\JS8\JS8.csproj", "{B37CA136-3F20-4D8A-9677-E3A9C9D893EF}"
EndProject
Project("{9A19103F-16F7-4668-BE54-9A1E7A4F7556}") = "JS8.DPoP", "samples\JS8.DPoP\JS8.DPoP.csproj", "{D8757F0F-254E-495F-961F-0192F8C97E3F}"
EndProject
Project("{9A19103F-16F7-4668-BE54-9A1E7A4F7556}") = "JS8.EF", "samples\JS8.EF\JS8.EF.csproj", "{CBB98134-92F5-487D-8CA3-84C19FF46775}"
EndProject
Project("{2150E333-8FDC-42A3-9474-1A3956D46DE8}") = "Apis", "Apis", "{9C2A66C4-D695-4159-9F80-8BCE03303758}"
EndProject
Project("{9A19103F-16F7-4668-BE54-9A1E7A4F7556}") = "Api", "samples\Apis\Api\Api.csproj", "{E6D2B82A-023E-4B8C-9E21-B924C9C918AD}"
EndProject
Project("{9A19103F-16F7-4668-BE54-9A1E7A4F7556}") = "Api.Isolated", "samples\Apis\Api.Isolated\Api.Isolated.csproj", "{D63F8FA3-A0BD-43CA-ABA0-81DBF98646DF}"
EndProject
Project("{9A19103F-16F7-4668-BE54-9A1E7A4F7556}") = "Api.DPoP", "samples\Apis\Api.DPoP\Api.DPoP.csproj", "{AAAAE630-8218-4769-9686-5BA07D043D0C}"
EndProject
Project("{2150E333-8FDC-42A3-9474-1A3956D46DE8}") = "Blazor", "Blazor", "{F60AD9DD-A9AB-4181-8DBA-6A3D641D0398}"
EndProject
Project("{2150E333-8FDC-42A3-9474-1A3956D46DE8}") = "WebAssembly", "WebAssembly", "{0811690F-9155-44BF-A116-647834E28FF3}"
EndProject
Project("{9A19103F-16F7-4668-BE54-9A1E7A4F7556}") = "WebAssembly", "samples\Blazor\WebAssembly\WebAssembly\WebAssembly.csproj", "{DA867CC2-89FB-467C-8005-41AF388F12E3}"
EndProject
Project("{9A19103F-16F7-4668-BE54-9A1E7A4F7556}") = "WebAssembly.Client", "samples\Blazor\WebAssembly\WebAssembly.Client\WebAssembly.Client.csproj", "{B8998F8F-A753-49BB-A168-4DF18B6049AD}"
EndProject
Project("{2150E333-8FDC-42A3-9474-1A3956D46DE8}") = "PerComponent", "PerComponent", "{8A0FCD30-A6D9-4622-B4D5-90010DE0795E}"
EndProject
Project("{9A19103F-16F7-4668-BE54-9A1E7A4F7556}") = "PerComponent", "samples\Blazor\PerComponent\PerComponent\PerComponent.csproj", "{CA4A9971-654A-4852-8FEB-81414952CF5B}"
EndProject
Project("{9A19103F-16F7-4668-BE54-9A1E7A4F7556}") = "PerComponent.Client", "samples\Blazor\PerComponent\PerComponent.Client\PerComponent.Client.csproj", "{40EDC041-C262-414C-B374-631BF2D1BD97}"
EndProject
Project("{FAE04EC0-301F-11D3-BF4B-00C04F79EFBC}") = "Bff", "src\Bff\Bff.csproj", "{D99411E3-6A3A-4C90-803A-FB5396DC2AA8}"
EndProject
Project("{FAE04EC0-301F-11D3-BF4B-00C04F79EFBC}") = "Bff.Blazor", "src\Bff.Blazor\Bff.Blazor.csproj", "{D7E7653C-4524-46DE-9A70-7F60C5CB3418}"
EndProject
Project("{FAE04EC0-301F-11D3-BF4B-00C04F79EFBC}") = "Bff.Blazor.Client", "src\Bff.Blazor.Client\Bff.Blazor.Client.csproj", "{251B3EBA-78E5-410D-8287-1C715CBDF884}"
EndProject
Project("{FAE04EC0-301F-11D3-BF4B-00C04F79EFBC}") = "Bff.EntityFramework", "src\Bff.EntityFramework\Bff.EntityFramework.csproj", "{6CE4A43D-0736-44FA-8A11-35B668C83CAF}"
EndProject
Project("{FAE04EC0-301F-11D3-BF4B-00C04F79EFBC}") = "Bff.Yarp", "src\Bff.Yarp\Bff.Yarp.csproj", "{96050DA7-378F-482B-9154-BDC8972C7B33}"
EndProject
Project("{FAE04EC0-301F-11D3-BF4B-00C04F79EFBC}") = "Bff.Tests", "test\Bff.Tests\Bff.Tests.csproj", "{FA3D63B3-29FE-4A0D-944F-C877F6DCC808}"
EndProject
Project("{2150E333-8FDC-42A3-9474-1A3956D46DE8}") = "build", "build", "{EE90B5D1-6B69-439C-92A1-667E64CEF848}"
EndProject
Project("{FAE04EC0-301F-11D3-BF4B-00C04F79EFBC}") = "build", "build\build.csproj", "{5FBC3E50-DC61-4DEB-B3B9-A88368EBA8B7}"
EndProject
Project("{2150E333-8FDC-42A3-9474-1A3956D46DE8}") = ".Solution Items", ".Solution Items", "{336B9467-7656-4C16-9A0E-8E7268CF9582}"
	ProjectSection(SolutionItems) = preProject
		Directory.Build.props = Directory.Build.props
		Directory.Build.targets = Directory.Build.targets
		global.json = global.json
		icon.png = icon.png
		LICENSE = LICENSE
		nuget.config = nuget.config
		README.md = README.md
	EndProjectSection
EndProject
Global
	GlobalSection(SolutionConfigurationPlatforms) = preSolution
		Debug|Any CPU = Debug|Any CPU
		Debug|x64 = Debug|x64
		Debug|x86 = Debug|x86
		Release|Any CPU = Release|Any CPU
		Release|x64 = Release|x64
		Release|x86 = Release|x86
	EndGlobalSection
	GlobalSection(ProjectConfigurationPlatforms) = postSolution
		{CE1159B9-F763-4C32-828A-77529A820415}.Debug|Any CPU.ActiveCfg = Debug|Any CPU
		{CE1159B9-F763-4C32-828A-77529A820415}.Debug|Any CPU.Build.0 = Debug|Any CPU
		{CE1159B9-F763-4C32-828A-77529A820415}.Debug|x64.ActiveCfg = Debug|Any CPU
		{CE1159B9-F763-4C32-828A-77529A820415}.Debug|x64.Build.0 = Debug|Any CPU
		{CE1159B9-F763-4C32-828A-77529A820415}.Debug|x86.ActiveCfg = Debug|Any CPU
		{CE1159B9-F763-4C32-828A-77529A820415}.Debug|x86.Build.0 = Debug|Any CPU
		{CE1159B9-F763-4C32-828A-77529A820415}.Release|Any CPU.ActiveCfg = Release|Any CPU
		{CE1159B9-F763-4C32-828A-77529A820415}.Release|Any CPU.Build.0 = Release|Any CPU
		{CE1159B9-F763-4C32-828A-77529A820415}.Release|x64.ActiveCfg = Release|Any CPU
		{CE1159B9-F763-4C32-828A-77529A820415}.Release|x64.Build.0 = Release|Any CPU
		{CE1159B9-F763-4C32-828A-77529A820415}.Release|x86.ActiveCfg = Release|Any CPU
		{CE1159B9-F763-4C32-828A-77529A820415}.Release|x86.Build.0 = Release|Any CPU
		{F01EA18D-DAA2-41A3-B6B4-5F7B185C3525}.Debug|Any CPU.ActiveCfg = Debug|Any CPU
		{F01EA18D-DAA2-41A3-B6B4-5F7B185C3525}.Debug|Any CPU.Build.0 = Debug|Any CPU
		{F01EA18D-DAA2-41A3-B6B4-5F7B185C3525}.Debug|x64.ActiveCfg = Debug|Any CPU
		{F01EA18D-DAA2-41A3-B6B4-5F7B185C3525}.Debug|x64.Build.0 = Debug|Any CPU
		{F01EA18D-DAA2-41A3-B6B4-5F7B185C3525}.Debug|x86.ActiveCfg = Debug|Any CPU
		{F01EA18D-DAA2-41A3-B6B4-5F7B185C3525}.Debug|x86.Build.0 = Debug|Any CPU
		{F01EA18D-DAA2-41A3-B6B4-5F7B185C3525}.Release|Any CPU.ActiveCfg = Release|Any CPU
		{F01EA18D-DAA2-41A3-B6B4-5F7B185C3525}.Release|Any CPU.Build.0 = Release|Any CPU
		{F01EA18D-DAA2-41A3-B6B4-5F7B185C3525}.Release|x64.ActiveCfg = Release|Any CPU
		{F01EA18D-DAA2-41A3-B6B4-5F7B185C3525}.Release|x64.Build.0 = Release|Any CPU
		{F01EA18D-DAA2-41A3-B6B4-5F7B185C3525}.Release|x86.ActiveCfg = Release|Any CPU
		{F01EA18D-DAA2-41A3-B6B4-5F7B185C3525}.Release|x86.Build.0 = Release|Any CPU
		{7ACD3916-576B-4C5F-B2A9-4617535E95ED}.Debug|Any CPU.ActiveCfg = Debug|Any CPU
		{7ACD3916-576B-4C5F-B2A9-4617535E95ED}.Debug|Any CPU.Build.0 = Debug|Any CPU
		{7ACD3916-576B-4C5F-B2A9-4617535E95ED}.Debug|x64.ActiveCfg = Debug|Any CPU
		{7ACD3916-576B-4C5F-B2A9-4617535E95ED}.Debug|x64.Build.0 = Debug|Any CPU
		{7ACD3916-576B-4C5F-B2A9-4617535E95ED}.Debug|x86.ActiveCfg = Debug|Any CPU
		{7ACD3916-576B-4C5F-B2A9-4617535E95ED}.Debug|x86.Build.0 = Debug|Any CPU
		{7ACD3916-576B-4C5F-B2A9-4617535E95ED}.Release|Any CPU.ActiveCfg = Release|Any CPU
		{7ACD3916-576B-4C5F-B2A9-4617535E95ED}.Release|Any CPU.Build.0 = Release|Any CPU
		{7ACD3916-576B-4C5F-B2A9-4617535E95ED}.Release|x64.ActiveCfg = Release|Any CPU
		{7ACD3916-576B-4C5F-B2A9-4617535E95ED}.Release|x64.Build.0 = Release|Any CPU
		{7ACD3916-576B-4C5F-B2A9-4617535E95ED}.Release|x86.ActiveCfg = Release|Any CPU
		{7ACD3916-576B-4C5F-B2A9-4617535E95ED}.Release|x86.Build.0 = Release|Any CPU
		{B37CA136-3F20-4D8A-9677-E3A9C9D893EF}.Debug|Any CPU.ActiveCfg = Debug|Any CPU
		{B37CA136-3F20-4D8A-9677-E3A9C9D893EF}.Debug|Any CPU.Build.0 = Debug|Any CPU
		{B37CA136-3F20-4D8A-9677-E3A9C9D893EF}.Debug|x64.ActiveCfg = Debug|Any CPU
		{B37CA136-3F20-4D8A-9677-E3A9C9D893EF}.Debug|x64.Build.0 = Debug|Any CPU
		{B37CA136-3F20-4D8A-9677-E3A9C9D893EF}.Debug|x86.ActiveCfg = Debug|Any CPU
		{B37CA136-3F20-4D8A-9677-E3A9C9D893EF}.Debug|x86.Build.0 = Debug|Any CPU
		{B37CA136-3F20-4D8A-9677-E3A9C9D893EF}.Release|Any CPU.ActiveCfg = Release|Any CPU
		{B37CA136-3F20-4D8A-9677-E3A9C9D893EF}.Release|Any CPU.Build.0 = Release|Any CPU
		{B37CA136-3F20-4D8A-9677-E3A9C9D893EF}.Release|x64.ActiveCfg = Release|Any CPU
		{B37CA136-3F20-4D8A-9677-E3A9C9D893EF}.Release|x64.Build.0 = Release|Any CPU
		{B37CA136-3F20-4D8A-9677-E3A9C9D893EF}.Release|x86.ActiveCfg = Release|Any CPU
		{B37CA136-3F20-4D8A-9677-E3A9C9D893EF}.Release|x86.Build.0 = Release|Any CPU
		{D8757F0F-254E-495F-961F-0192F8C97E3F}.Debug|Any CPU.ActiveCfg = Debug|Any CPU
		{D8757F0F-254E-495F-961F-0192F8C97E3F}.Debug|Any CPU.Build.0 = Debug|Any CPU
		{D8757F0F-254E-495F-961F-0192F8C97E3F}.Debug|x64.ActiveCfg = Debug|Any CPU
		{D8757F0F-254E-495F-961F-0192F8C97E3F}.Debug|x64.Build.0 = Debug|Any CPU
		{D8757F0F-254E-495F-961F-0192F8C97E3F}.Debug|x86.ActiveCfg = Debug|Any CPU
		{D8757F0F-254E-495F-961F-0192F8C97E3F}.Debug|x86.Build.0 = Debug|Any CPU
		{D8757F0F-254E-495F-961F-0192F8C97E3F}.Release|Any CPU.ActiveCfg = Release|Any CPU
		{D8757F0F-254E-495F-961F-0192F8C97E3F}.Release|Any CPU.Build.0 = Release|Any CPU
		{D8757F0F-254E-495F-961F-0192F8C97E3F}.Release|x64.ActiveCfg = Release|Any CPU
		{D8757F0F-254E-495F-961F-0192F8C97E3F}.Release|x64.Build.0 = Release|Any CPU
		{D8757F0F-254E-495F-961F-0192F8C97E3F}.Release|x86.ActiveCfg = Release|Any CPU
		{D8757F0F-254E-495F-961F-0192F8C97E3F}.Release|x86.Build.0 = Release|Any CPU
		{CBB98134-92F5-487D-8CA3-84C19FF46775}.Debug|Any CPU.ActiveCfg = Debug|Any CPU
		{CBB98134-92F5-487D-8CA3-84C19FF46775}.Debug|Any CPU.Build.0 = Debug|Any CPU
		{CBB98134-92F5-487D-8CA3-84C19FF46775}.Debug|x64.ActiveCfg = Debug|Any CPU
		{CBB98134-92F5-487D-8CA3-84C19FF46775}.Debug|x64.Build.0 = Debug|Any CPU
		{CBB98134-92F5-487D-8CA3-84C19FF46775}.Debug|x86.ActiveCfg = Debug|Any CPU
		{CBB98134-92F5-487D-8CA3-84C19FF46775}.Debug|x86.Build.0 = Debug|Any CPU
		{CBB98134-92F5-487D-8CA3-84C19FF46775}.Release|Any CPU.ActiveCfg = Release|Any CPU
		{CBB98134-92F5-487D-8CA3-84C19FF46775}.Release|Any CPU.Build.0 = Release|Any CPU
		{CBB98134-92F5-487D-8CA3-84C19FF46775}.Release|x64.ActiveCfg = Release|Any CPU
		{CBB98134-92F5-487D-8CA3-84C19FF46775}.Release|x64.Build.0 = Release|Any CPU
		{CBB98134-92F5-487D-8CA3-84C19FF46775}.Release|x86.ActiveCfg = Release|Any CPU
		{CBB98134-92F5-487D-8CA3-84C19FF46775}.Release|x86.Build.0 = Release|Any CPU
		{E6D2B82A-023E-4B8C-9E21-B924C9C918AD}.Debug|Any CPU.ActiveCfg = Debug|Any CPU
		{E6D2B82A-023E-4B8C-9E21-B924C9C918AD}.Debug|Any CPU.Build.0 = Debug|Any CPU
		{E6D2B82A-023E-4B8C-9E21-B924C9C918AD}.Debug|x64.ActiveCfg = Debug|Any CPU
		{E6D2B82A-023E-4B8C-9E21-B924C9C918AD}.Debug|x64.Build.0 = Debug|Any CPU
		{E6D2B82A-023E-4B8C-9E21-B924C9C918AD}.Debug|x86.ActiveCfg = Debug|Any CPU
		{E6D2B82A-023E-4B8C-9E21-B924C9C918AD}.Debug|x86.Build.0 = Debug|Any CPU
		{E6D2B82A-023E-4B8C-9E21-B924C9C918AD}.Release|Any CPU.ActiveCfg = Release|Any CPU
		{E6D2B82A-023E-4B8C-9E21-B924C9C918AD}.Release|Any CPU.Build.0 = Release|Any CPU
		{E6D2B82A-023E-4B8C-9E21-B924C9C918AD}.Release|x64.ActiveCfg = Release|Any CPU
		{E6D2B82A-023E-4B8C-9E21-B924C9C918AD}.Release|x64.Build.0 = Release|Any CPU
		{E6D2B82A-023E-4B8C-9E21-B924C9C918AD}.Release|x86.ActiveCfg = Release|Any CPU
		{E6D2B82A-023E-4B8C-9E21-B924C9C918AD}.Release|x86.Build.0 = Release|Any CPU
		{D63F8FA3-A0BD-43CA-ABA0-81DBF98646DF}.Debug|Any CPU.ActiveCfg = Debug|Any CPU
		{D63F8FA3-A0BD-43CA-ABA0-81DBF98646DF}.Debug|Any CPU.Build.0 = Debug|Any CPU
		{D63F8FA3-A0BD-43CA-ABA0-81DBF98646DF}.Debug|x64.ActiveCfg = Debug|Any CPU
		{D63F8FA3-A0BD-43CA-ABA0-81DBF98646DF}.Debug|x64.Build.0 = Debug|Any CPU
		{D63F8FA3-A0BD-43CA-ABA0-81DBF98646DF}.Debug|x86.ActiveCfg = Debug|Any CPU
		{D63F8FA3-A0BD-43CA-ABA0-81DBF98646DF}.Debug|x86.Build.0 = Debug|Any CPU
		{D63F8FA3-A0BD-43CA-ABA0-81DBF98646DF}.Release|Any CPU.ActiveCfg = Release|Any CPU
		{D63F8FA3-A0BD-43CA-ABA0-81DBF98646DF}.Release|Any CPU.Build.0 = Release|Any CPU
		{D63F8FA3-A0BD-43CA-ABA0-81DBF98646DF}.Release|x64.ActiveCfg = Release|Any CPU
		{D63F8FA3-A0BD-43CA-ABA0-81DBF98646DF}.Release|x64.Build.0 = Release|Any CPU
		{D63F8FA3-A0BD-43CA-ABA0-81DBF98646DF}.Release|x86.ActiveCfg = Release|Any CPU
		{D63F8FA3-A0BD-43CA-ABA0-81DBF98646DF}.Release|x86.Build.0 = Release|Any CPU
		{AAAAE630-8218-4769-9686-5BA07D043D0C}.Debug|Any CPU.ActiveCfg = Debug|Any CPU
		{AAAAE630-8218-4769-9686-5BA07D043D0C}.Debug|Any CPU.Build.0 = Debug|Any CPU
		{AAAAE630-8218-4769-9686-5BA07D043D0C}.Debug|x64.ActiveCfg = Debug|Any CPU
		{AAAAE630-8218-4769-9686-5BA07D043D0C}.Debug|x64.Build.0 = Debug|Any CPU
		{AAAAE630-8218-4769-9686-5BA07D043D0C}.Debug|x86.ActiveCfg = Debug|Any CPU
		{AAAAE630-8218-4769-9686-5BA07D043D0C}.Debug|x86.Build.0 = Debug|Any CPU
		{AAAAE630-8218-4769-9686-5BA07D043D0C}.Release|Any CPU.ActiveCfg = Release|Any CPU
		{AAAAE630-8218-4769-9686-5BA07D043D0C}.Release|Any CPU.Build.0 = Release|Any CPU
		{AAAAE630-8218-4769-9686-5BA07D043D0C}.Release|x64.ActiveCfg = Release|Any CPU
		{AAAAE630-8218-4769-9686-5BA07D043D0C}.Release|x64.Build.0 = Release|Any CPU
		{AAAAE630-8218-4769-9686-5BA07D043D0C}.Release|x86.ActiveCfg = Release|Any CPU
		{AAAAE630-8218-4769-9686-5BA07D043D0C}.Release|x86.Build.0 = Release|Any CPU
		{DA867CC2-89FB-467C-8005-41AF388F12E3}.Debug|Any CPU.ActiveCfg = Debug|Any CPU
		{DA867CC2-89FB-467C-8005-41AF388F12E3}.Debug|Any CPU.Build.0 = Debug|Any CPU
		{DA867CC2-89FB-467C-8005-41AF388F12E3}.Debug|x64.ActiveCfg = Debug|Any CPU
		{DA867CC2-89FB-467C-8005-41AF388F12E3}.Debug|x64.Build.0 = Debug|Any CPU
		{DA867CC2-89FB-467C-8005-41AF388F12E3}.Debug|x86.ActiveCfg = Debug|Any CPU
		{DA867CC2-89FB-467C-8005-41AF388F12E3}.Debug|x86.Build.0 = Debug|Any CPU
		{DA867CC2-89FB-467C-8005-41AF388F12E3}.Release|Any CPU.ActiveCfg = Release|Any CPU
		{DA867CC2-89FB-467C-8005-41AF388F12E3}.Release|Any CPU.Build.0 = Release|Any CPU
		{DA867CC2-89FB-467C-8005-41AF388F12E3}.Release|x64.ActiveCfg = Release|Any CPU
		{DA867CC2-89FB-467C-8005-41AF388F12E3}.Release|x64.Build.0 = Release|Any CPU
		{DA867CC2-89FB-467C-8005-41AF388F12E3}.Release|x86.ActiveCfg = Release|Any CPU
		{DA867CC2-89FB-467C-8005-41AF388F12E3}.Release|x86.Build.0 = Release|Any CPU
		{B8998F8F-A753-49BB-A168-4DF18B6049AD}.Debug|Any CPU.ActiveCfg = Debug|Any CPU
		{B8998F8F-A753-49BB-A168-4DF18B6049AD}.Debug|Any CPU.Build.0 = Debug|Any CPU
		{B8998F8F-A753-49BB-A168-4DF18B6049AD}.Debug|x64.ActiveCfg = Debug|Any CPU
		{B8998F8F-A753-49BB-A168-4DF18B6049AD}.Debug|x64.Build.0 = Debug|Any CPU
		{B8998F8F-A753-49BB-A168-4DF18B6049AD}.Debug|x86.ActiveCfg = Debug|Any CPU
		{B8998F8F-A753-49BB-A168-4DF18B6049AD}.Debug|x86.Build.0 = Debug|Any CPU
		{B8998F8F-A753-49BB-A168-4DF18B6049AD}.Release|Any CPU.ActiveCfg = Release|Any CPU
		{B8998F8F-A753-49BB-A168-4DF18B6049AD}.Release|Any CPU.Build.0 = Release|Any CPU
		{B8998F8F-A753-49BB-A168-4DF18B6049AD}.Release|x64.ActiveCfg = Release|Any CPU
		{B8998F8F-A753-49BB-A168-4DF18B6049AD}.Release|x64.Build.0 = Release|Any CPU
		{B8998F8F-A753-49BB-A168-4DF18B6049AD}.Release|x86.ActiveCfg = Release|Any CPU
		{B8998F8F-A753-49BB-A168-4DF18B6049AD}.Release|x86.Build.0 = Release|Any CPU
		{CA4A9971-654A-4852-8FEB-81414952CF5B}.Debug|Any CPU.ActiveCfg = Debug|Any CPU
		{CA4A9971-654A-4852-8FEB-81414952CF5B}.Debug|Any CPU.Build.0 = Debug|Any CPU
		{CA4A9971-654A-4852-8FEB-81414952CF5B}.Debug|x64.ActiveCfg = Debug|Any CPU
		{CA4A9971-654A-4852-8FEB-81414952CF5B}.Debug|x64.Build.0 = Debug|Any CPU
		{CA4A9971-654A-4852-8FEB-81414952CF5B}.Debug|x86.ActiveCfg = Debug|Any CPU
		{CA4A9971-654A-4852-8FEB-81414952CF5B}.Debug|x86.Build.0 = Debug|Any CPU
		{CA4A9971-654A-4852-8FEB-81414952CF5B}.Release|Any CPU.ActiveCfg = Release|Any CPU
		{CA4A9971-654A-4852-8FEB-81414952CF5B}.Release|Any CPU.Build.0 = Release|Any CPU
		{CA4A9971-654A-4852-8FEB-81414952CF5B}.Release|x64.ActiveCfg = Release|Any CPU
		{CA4A9971-654A-4852-8FEB-81414952CF5B}.Release|x64.Build.0 = Release|Any CPU
		{CA4A9971-654A-4852-8FEB-81414952CF5B}.Release|x86.ActiveCfg = Release|Any CPU
		{CA4A9971-654A-4852-8FEB-81414952CF5B}.Release|x86.Build.0 = Release|Any CPU
		{40EDC041-C262-414C-B374-631BF2D1BD97}.Debug|Any CPU.ActiveCfg = Debug|Any CPU
		{40EDC041-C262-414C-B374-631BF2D1BD97}.Debug|Any CPU.Build.0 = Debug|Any CPU
		{40EDC041-C262-414C-B374-631BF2D1BD97}.Debug|x64.ActiveCfg = Debug|Any CPU
		{40EDC041-C262-414C-B374-631BF2D1BD97}.Debug|x64.Build.0 = Debug|Any CPU
		{40EDC041-C262-414C-B374-631BF2D1BD97}.Debug|x86.ActiveCfg = Debug|Any CPU
		{40EDC041-C262-414C-B374-631BF2D1BD97}.Debug|x86.Build.0 = Debug|Any CPU
		{40EDC041-C262-414C-B374-631BF2D1BD97}.Release|Any CPU.ActiveCfg = Release|Any CPU
		{40EDC041-C262-414C-B374-631BF2D1BD97}.Release|Any CPU.Build.0 = Release|Any CPU
		{40EDC041-C262-414C-B374-631BF2D1BD97}.Release|x64.ActiveCfg = Release|Any CPU
		{40EDC041-C262-414C-B374-631BF2D1BD97}.Release|x64.Build.0 = Release|Any CPU
		{40EDC041-C262-414C-B374-631BF2D1BD97}.Release|x86.ActiveCfg = Release|Any CPU
		{40EDC041-C262-414C-B374-631BF2D1BD97}.Release|x86.Build.0 = Release|Any CPU
		{D99411E3-6A3A-4C90-803A-FB5396DC2AA8}.Debug|Any CPU.ActiveCfg = Debug|Any CPU
		{D99411E3-6A3A-4C90-803A-FB5396DC2AA8}.Debug|Any CPU.Build.0 = Debug|Any CPU
		{D99411E3-6A3A-4C90-803A-FB5396DC2AA8}.Debug|x64.ActiveCfg = Debug|Any CPU
		{D99411E3-6A3A-4C90-803A-FB5396DC2AA8}.Debug|x64.Build.0 = Debug|Any CPU
		{D99411E3-6A3A-4C90-803A-FB5396DC2AA8}.Debug|x86.ActiveCfg = Debug|Any CPU
		{D99411E3-6A3A-4C90-803A-FB5396DC2AA8}.Debug|x86.Build.0 = Debug|Any CPU
		{D99411E3-6A3A-4C90-803A-FB5396DC2AA8}.Release|Any CPU.ActiveCfg = Release|Any CPU
		{D99411E3-6A3A-4C90-803A-FB5396DC2AA8}.Release|Any CPU.Build.0 = Release|Any CPU
		{D99411E3-6A3A-4C90-803A-FB5396DC2AA8}.Release|x64.ActiveCfg = Release|Any CPU
		{D99411E3-6A3A-4C90-803A-FB5396DC2AA8}.Release|x64.Build.0 = Release|Any CPU
		{D99411E3-6A3A-4C90-803A-FB5396DC2AA8}.Release|x86.ActiveCfg = Release|Any CPU
		{D99411E3-6A3A-4C90-803A-FB5396DC2AA8}.Release|x86.Build.0 = Release|Any CPU
		{D7E7653C-4524-46DE-9A70-7F60C5CB3418}.Debug|Any CPU.ActiveCfg = Debug|Any CPU
		{D7E7653C-4524-46DE-9A70-7F60C5CB3418}.Debug|Any CPU.Build.0 = Debug|Any CPU
		{D7E7653C-4524-46DE-9A70-7F60C5CB3418}.Debug|x64.ActiveCfg = Debug|Any CPU
		{D7E7653C-4524-46DE-9A70-7F60C5CB3418}.Debug|x64.Build.0 = Debug|Any CPU
		{D7E7653C-4524-46DE-9A70-7F60C5CB3418}.Debug|x86.ActiveCfg = Debug|Any CPU
		{D7E7653C-4524-46DE-9A70-7F60C5CB3418}.Debug|x86.Build.0 = Debug|Any CPU
		{D7E7653C-4524-46DE-9A70-7F60C5CB3418}.Release|Any CPU.ActiveCfg = Release|Any CPU
		{D7E7653C-4524-46DE-9A70-7F60C5CB3418}.Release|Any CPU.Build.0 = Release|Any CPU
		{D7E7653C-4524-46DE-9A70-7F60C5CB3418}.Release|x64.ActiveCfg = Release|Any CPU
		{D7E7653C-4524-46DE-9A70-7F60C5CB3418}.Release|x64.Build.0 = Release|Any CPU
		{D7E7653C-4524-46DE-9A70-7F60C5CB3418}.Release|x86.ActiveCfg = Release|Any CPU
		{D7E7653C-4524-46DE-9A70-7F60C5CB3418}.Release|x86.Build.0 = Release|Any CPU
		{251B3EBA-78E5-410D-8287-1C715CBDF884}.Debug|Any CPU.ActiveCfg = Debug|Any CPU
		{251B3EBA-78E5-410D-8287-1C715CBDF884}.Debug|Any CPU.Build.0 = Debug|Any CPU
		{251B3EBA-78E5-410D-8287-1C715CBDF884}.Debug|x64.ActiveCfg = Debug|Any CPU
		{251B3EBA-78E5-410D-8287-1C715CBDF884}.Debug|x64.Build.0 = Debug|Any CPU
		{251B3EBA-78E5-410D-8287-1C715CBDF884}.Debug|x86.ActiveCfg = Debug|Any CPU
		{251B3EBA-78E5-410D-8287-1C715CBDF884}.Debug|x86.Build.0 = Debug|Any CPU
		{251B3EBA-78E5-410D-8287-1C715CBDF884}.Release|Any CPU.ActiveCfg = Release|Any CPU
		{251B3EBA-78E5-410D-8287-1C715CBDF884}.Release|Any CPU.Build.0 = Release|Any CPU
		{251B3EBA-78E5-410D-8287-1C715CBDF884}.Release|x64.ActiveCfg = Release|Any CPU
		{251B3EBA-78E5-410D-8287-1C715CBDF884}.Release|x64.Build.0 = Release|Any CPU
		{251B3EBA-78E5-410D-8287-1C715CBDF884}.Release|x86.ActiveCfg = Release|Any CPU
		{251B3EBA-78E5-410D-8287-1C715CBDF884}.Release|x86.Build.0 = Release|Any CPU
		{6CE4A43D-0736-44FA-8A11-35B668C83CAF}.Debug|Any CPU.ActiveCfg = Debug|Any CPU
		{6CE4A43D-0736-44FA-8A11-35B668C83CAF}.Debug|Any CPU.Build.0 = Debug|Any CPU
		{6CE4A43D-0736-44FA-8A11-35B668C83CAF}.Debug|x64.ActiveCfg = Debug|Any CPU
		{6CE4A43D-0736-44FA-8A11-35B668C83CAF}.Debug|x64.Build.0 = Debug|Any CPU
		{6CE4A43D-0736-44FA-8A11-35B668C83CAF}.Debug|x86.ActiveCfg = Debug|Any CPU
		{6CE4A43D-0736-44FA-8A11-35B668C83CAF}.Debug|x86.Build.0 = Debug|Any CPU
		{6CE4A43D-0736-44FA-8A11-35B668C83CAF}.Release|Any CPU.ActiveCfg = Release|Any CPU
		{6CE4A43D-0736-44FA-8A11-35B668C83CAF}.Release|Any CPU.Build.0 = Release|Any CPU
		{6CE4A43D-0736-44FA-8A11-35B668C83CAF}.Release|x64.ActiveCfg = Release|Any CPU
		{6CE4A43D-0736-44FA-8A11-35B668C83CAF}.Release|x64.Build.0 = Release|Any CPU
		{6CE4A43D-0736-44FA-8A11-35B668C83CAF}.Release|x86.ActiveCfg = Release|Any CPU
		{6CE4A43D-0736-44FA-8A11-35B668C83CAF}.Release|x86.Build.0 = Release|Any CPU
		{96050DA7-378F-482B-9154-BDC8972C7B33}.Debug|Any CPU.ActiveCfg = Debug|Any CPU
		{96050DA7-378F-482B-9154-BDC8972C7B33}.Debug|Any CPU.Build.0 = Debug|Any CPU
		{96050DA7-378F-482B-9154-BDC8972C7B33}.Debug|x64.ActiveCfg = Debug|Any CPU
		{96050DA7-378F-482B-9154-BDC8972C7B33}.Debug|x64.Build.0 = Debug|Any CPU
		{96050DA7-378F-482B-9154-BDC8972C7B33}.Debug|x86.ActiveCfg = Debug|Any CPU
		{96050DA7-378F-482B-9154-BDC8972C7B33}.Debug|x86.Build.0 = Debug|Any CPU
		{96050DA7-378F-482B-9154-BDC8972C7B33}.Release|Any CPU.ActiveCfg = Release|Any CPU
		{96050DA7-378F-482B-9154-BDC8972C7B33}.Release|Any CPU.Build.0 = Release|Any CPU
		{96050DA7-378F-482B-9154-BDC8972C7B33}.Release|x64.ActiveCfg = Release|Any CPU
		{96050DA7-378F-482B-9154-BDC8972C7B33}.Release|x64.Build.0 = Release|Any CPU
		{96050DA7-378F-482B-9154-BDC8972C7B33}.Release|x86.ActiveCfg = Release|Any CPU
		{96050DA7-378F-482B-9154-BDC8972C7B33}.Release|x86.Build.0 = Release|Any CPU
		{FA3D63B3-29FE-4A0D-944F-C877F6DCC808}.Debug|Any CPU.ActiveCfg = Debug|Any CPU
		{FA3D63B3-29FE-4A0D-944F-C877F6DCC808}.Debug|Any CPU.Build.0 = Debug|Any CPU
		{FA3D63B3-29FE-4A0D-944F-C877F6DCC808}.Debug|x64.ActiveCfg = Debug|Any CPU
		{FA3D63B3-29FE-4A0D-944F-C877F6DCC808}.Debug|x64.Build.0 = Debug|Any CPU
		{FA3D63B3-29FE-4A0D-944F-C877F6DCC808}.Debug|x86.ActiveCfg = Debug|Any CPU
		{FA3D63B3-29FE-4A0D-944F-C877F6DCC808}.Debug|x86.Build.0 = Debug|Any CPU
		{FA3D63B3-29FE-4A0D-944F-C877F6DCC808}.Release|Any CPU.ActiveCfg = Release|Any CPU
		{FA3D63B3-29FE-4A0D-944F-C877F6DCC808}.Release|Any CPU.Build.0 = Release|Any CPU
		{FA3D63B3-29FE-4A0D-944F-C877F6DCC808}.Release|x64.ActiveCfg = Release|Any CPU
		{FA3D63B3-29FE-4A0D-944F-C877F6DCC808}.Release|x64.Build.0 = Release|Any CPU
		{FA3D63B3-29FE-4A0D-944F-C877F6DCC808}.Release|x86.ActiveCfg = Release|Any CPU
		{FA3D63B3-29FE-4A0D-944F-C877F6DCC808}.Release|x86.Build.0 = Release|Any CPU
		{5FBC3E50-DC61-4DEB-B3B9-A88368EBA8B7}.Debug|Any CPU.ActiveCfg = Debug|Any CPU
		{5FBC3E50-DC61-4DEB-B3B9-A88368EBA8B7}.Debug|Any CPU.Build.0 = Debug|Any CPU
		{5FBC3E50-DC61-4DEB-B3B9-A88368EBA8B7}.Debug|x64.ActiveCfg = Debug|Any CPU
		{5FBC3E50-DC61-4DEB-B3B9-A88368EBA8B7}.Debug|x64.Build.0 = Debug|Any CPU
		{5FBC3E50-DC61-4DEB-B3B9-A88368EBA8B7}.Debug|x86.ActiveCfg = Debug|Any CPU
		{5FBC3E50-DC61-4DEB-B3B9-A88368EBA8B7}.Debug|x86.Build.0 = Debug|Any CPU
		{5FBC3E50-DC61-4DEB-B3B9-A88368EBA8B7}.Release|Any CPU.ActiveCfg = Release|Any CPU
		{5FBC3E50-DC61-4DEB-B3B9-A88368EBA8B7}.Release|Any CPU.Build.0 = Release|Any CPU
		{5FBC3E50-DC61-4DEB-B3B9-A88368EBA8B7}.Release|x64.ActiveCfg = Release|Any CPU
		{5FBC3E50-DC61-4DEB-B3B9-A88368EBA8B7}.Release|x64.Build.0 = Release|Any CPU
		{5FBC3E50-DC61-4DEB-B3B9-A88368EBA8B7}.Release|x86.ActiveCfg = Release|Any CPU
		{5FBC3E50-DC61-4DEB-B3B9-A88368EBA8B7}.Release|x86.Build.0 = Release|Any CPU
	EndGlobalSection
	GlobalSection(SolutionProperties) = preSolution
		HideSolutionNode = FALSE
	EndGlobalSection
	GlobalSection(NestedProjects) = preSolution
		{CE1159B9-F763-4C32-828A-77529A820415} = {E14F66D1-EA3E-40C6-835A-91A4382D4646}
		{F01EA18D-DAA2-41A3-B6B4-5F7B185C3525} = {439382D9-7230-4AD0-A82F-956020041BDD}
		{7ACD3916-576B-4C5F-B2A9-4617535E95ED} = {E14F66D1-EA3E-40C6-835A-91A4382D4646}
		{B37CA136-3F20-4D8A-9677-E3A9C9D893EF} = {E14F66D1-EA3E-40C6-835A-91A4382D4646}
		{D8757F0F-254E-495F-961F-0192F8C97E3F} = {E14F66D1-EA3E-40C6-835A-91A4382D4646}
		{CBB98134-92F5-487D-8CA3-84C19FF46775} = {E14F66D1-EA3E-40C6-835A-91A4382D4646}
		{9C2A66C4-D695-4159-9F80-8BCE03303758} = {E14F66D1-EA3E-40C6-835A-91A4382D4646}
		{E6D2B82A-023E-4B8C-9E21-B924C9C918AD} = {9C2A66C4-D695-4159-9F80-8BCE03303758}
		{D63F8FA3-A0BD-43CA-ABA0-81DBF98646DF} = {9C2A66C4-D695-4159-9F80-8BCE03303758}
		{AAAAE630-8218-4769-9686-5BA07D043D0C} = {9C2A66C4-D695-4159-9F80-8BCE03303758}
		{F60AD9DD-A9AB-4181-8DBA-6A3D641D0398} = {E14F66D1-EA3E-40C6-835A-91A4382D4646}
		{0811690F-9155-44BF-A116-647834E28FF3} = {F60AD9DD-A9AB-4181-8DBA-6A3D641D0398}
		{DA867CC2-89FB-467C-8005-41AF388F12E3} = {0811690F-9155-44BF-A116-647834E28FF3}
		{B8998F8F-A753-49BB-A168-4DF18B6049AD} = {0811690F-9155-44BF-A116-647834E28FF3}
		{8A0FCD30-A6D9-4622-B4D5-90010DE0795E} = {F60AD9DD-A9AB-4181-8DBA-6A3D641D0398}
		{CA4A9971-654A-4852-8FEB-81414952CF5B} = {8A0FCD30-A6D9-4622-B4D5-90010DE0795E}
		{40EDC041-C262-414C-B374-631BF2D1BD97} = {8A0FCD30-A6D9-4622-B4D5-90010DE0795E}
		{D99411E3-6A3A-4C90-803A-FB5396DC2AA8} = {3C549079-A502-4B40-B051-5278915AE91B}
		{D7E7653C-4524-46DE-9A70-7F60C5CB3418} = {3C549079-A502-4B40-B051-5278915AE91B}
		{251B3EBA-78E5-410D-8287-1C715CBDF884} = {3C549079-A502-4B40-B051-5278915AE91B}
		{6CE4A43D-0736-44FA-8A11-35B668C83CAF} = {3C549079-A502-4B40-B051-5278915AE91B}
		{96050DA7-378F-482B-9154-BDC8972C7B33} = {3C549079-A502-4B40-B051-5278915AE91B}
		{FA3D63B3-29FE-4A0D-944F-C877F6DCC808} = {B2A776DB-385B-4AD4-96A5-61746FD909C3}
		{5FBC3E50-DC61-4DEB-B3B9-A88368EBA8B7} = {EE90B5D1-6B69-439C-92A1-667E64CEF848}
	EndGlobalSection
	GlobalSection(ExtensibilityGlobals) = postSolution
		SolutionGuid = {3DAD5980-4688-4794-9CF0-6F3CB67194E7}
	EndGlobalSection
EndGlobal
