
Microsoft Visual Studio Solution File, Format Version 12.00
# Visual Studio Version 16
VisualStudioVersion = 16.0.31112.23
MinimumVisualStudioVersion = 15.0.26124.0
Project("{9A19103F-16F7-4668-BE54-9A1E7A4F7556}") = "Duende.Bff", "src\Duende.Bff\Duende.Bff.csproj", "{63FD9C99-C538-44BF-9AD4-D892775E336B}"
EndProject
Project("{2150E333-8FDC-42A3-9474-1A3956D46DE8}") = "src", "src", "{3C549079-A502-4B40-B051-5278915AE91B}"
EndProject
Project("{2150E333-8FDC-42A3-9474-1A3956D46DE8}") = "samples", "samples", "{E14F66D1-EA3E-40C6-835A-91A4382D4646}"
EndProject
Project("{9A19103F-16F7-4668-BE54-9A1E7A4F7556}") = "Host5", "samples\Host5\Host5.csproj", "{8850BAB7-F536-4860-9CD3-A760FEDF8F66}"
EndProject
Project("{9A19103F-16F7-4668-BE54-9A1E7A4F7556}") = "Api", "samples\Api\Api.csproj", "{887A9E11-12C3-4EB9-81CB-EB11EE27860B}"
EndProject
Project("{9A19103F-16F7-4668-BE54-9A1E7A4F7556}") = "IdentityServer", "samples\IdentityServer\IdentityServer.csproj", "{CE1159B9-F763-4C32-828A-77529A820415}"
EndProject
Project("{2150E333-8FDC-42A3-9474-1A3956D46DE8}") = "Blazor", "Blazor", "{3E17088E-56DA-42CB-97CE-E5E683B14D92}"
EndProject
Project("{9A19103F-16F7-4668-BE54-9A1E7A4F7556}") = "Blazor.Shared", "samples\Blazor\Shared\Blazor.Shared.csproj", "{0084741A-23E4-4AF7-BB4F-112F17D54C42}"
EndProject
Project("{9A19103F-16F7-4668-BE54-9A1E7A4F7556}") = "Blazor.Client", "samples\Blazor\Client\Blazor.Client.csproj", "{856A4A2A-E045-4AC4-A14B-B99E8BE1EE98}"
EndProject
Project("{9A19103F-16F7-4668-BE54-9A1E7A4F7556}") = "Blazor.Server", "samples\Blazor\Server\Blazor.Server.csproj", "{06018433-2F98-4238-B1CF-673117FEDAD4}"
EndProject
Project("{2150E333-8FDC-42A3-9474-1A3956D46DE8}") = "test", "test", "{B2A776DB-385B-4AD4-96A5-61746FD909C3}"
EndProject
Project("{9A19103F-16F7-4668-BE54-9A1E7A4F7556}") = "Duende.Bff.Tests", "test\Duende.Bff.Tests\Duende.Bff.Tests.csproj", "{FB30F557-D861-428B-A05D-49AE57F00EA4}"
EndProject
Project("{9A19103F-16F7-4668-BE54-9A1E7A4F7556}") = "Duende.Bff.EntityFramework", "src\Duende.Bff.EntityFramework\Duende.Bff.EntityFramework.csproj", "{8A1331D1-BAC3-4DD9-B16E-BB04BEE46D0A}"
EndProject
Project("{FAE04EC0-301F-11D3-BF4B-00C04F79EFBC}") = "Duende.Bff.EntityFramework.Tests", "test\Duende.Bff.EntityFramework.Tests\Duende.Bff.EntityFramework.Tests.csproj", "{93B5A99A-B7D8-4412-A801-BE6572157CFA}"
EndProject
Project("{2150E333-8FDC-42A3-9474-1A3956D46DE8}") = "migrations", "migrations", "{439382D9-7230-4AD0-A82F-956020041BDD}"
EndProject
Project("{FAE04EC0-301F-11D3-BF4B-00C04F79EFBC}") = "UserSessionDb", "migrations\UserSessionDb\UserSessionDb.csproj", "{F01EA18D-DAA2-41A3-B6B4-5F7B185C3525}"
EndProject
Project("{FAE04EC0-301F-11D3-BF4B-00C04F79EFBC}") = "Host5.EntityFramework", "samples\Host5.EntityFramework\Host5.EntityFramework.csproj", "{8BAC820F-4969-42B6-8605-DDE76BE39444}"
EndProject
Project("{FAE04EC0-301F-11D3-BF4B-00C04F79EFBC}") = "Host3", "samples\Host3\Host3.csproj", "{8F6A8C7F-F400-4CF6-B5F8-3E2CE231D8B6}"
EndProject
Global
	GlobalSection(SolutionConfigurationPlatforms) = preSolution
		Debug|Any CPU = Debug|Any CPU
		Debug|x64 = Debug|x64
		Debug|x86 = Debug|x86
		Release|Any CPU = Release|Any CPU
		Release|x64 = Release|x64
		Release|x86 = Release|x86
	EndGlobalSection
	GlobalSection(ProjectConfigurationPlatforms) = postSolution
		{63FD9C99-C538-44BF-9AD4-D892775E336B}.Debug|Any CPU.ActiveCfg = Debug|Any CPU
		{63FD9C99-C538-44BF-9AD4-D892775E336B}.Debug|Any CPU.Build.0 = Debug|Any CPU
		{63FD9C99-C538-44BF-9AD4-D892775E336B}.Debug|x64.ActiveCfg = Debug|Any CPU
		{63FD9C99-C538-44BF-9AD4-D892775E336B}.Debug|x64.Build.0 = Debug|Any CPU
		{63FD9C99-C538-44BF-9AD4-D892775E336B}.Debug|x86.ActiveCfg = Debug|Any CPU
		{63FD9C99-C538-44BF-9AD4-D892775E336B}.Debug|x86.Build.0 = Debug|Any CPU
		{63FD9C99-C538-44BF-9AD4-D892775E336B}.Release|Any CPU.ActiveCfg = Release|Any CPU
		{63FD9C99-C538-44BF-9AD4-D892775E336B}.Release|Any CPU.Build.0 = Release|Any CPU
		{63FD9C99-C538-44BF-9AD4-D892775E336B}.Release|x64.ActiveCfg = Release|Any CPU
		{63FD9C99-C538-44BF-9AD4-D892775E336B}.Release|x64.Build.0 = Release|Any CPU
		{63FD9C99-C538-44BF-9AD4-D892775E336B}.Release|x86.ActiveCfg = Release|Any CPU
		{63FD9C99-C538-44BF-9AD4-D892775E336B}.Release|x86.Build.0 = Release|Any CPU
		{8850BAB7-F536-4860-9CD3-A760FEDF8F66}.Debug|Any CPU.ActiveCfg = Debug|Any CPU
		{8850BAB7-F536-4860-9CD3-A760FEDF8F66}.Debug|Any CPU.Build.0 = Debug|Any CPU
		{8850BAB7-F536-4860-9CD3-A760FEDF8F66}.Debug|x64.ActiveCfg = Debug|Any CPU
		{8850BAB7-F536-4860-9CD3-A760FEDF8F66}.Debug|x64.Build.0 = Debug|Any CPU
		{8850BAB7-F536-4860-9CD3-A760FEDF8F66}.Debug|x86.ActiveCfg = Debug|Any CPU
		{8850BAB7-F536-4860-9CD3-A760FEDF8F66}.Debug|x86.Build.0 = Debug|Any CPU
		{8850BAB7-F536-4860-9CD3-A760FEDF8F66}.Release|Any CPU.ActiveCfg = Release|Any CPU
		{8850BAB7-F536-4860-9CD3-A760FEDF8F66}.Release|Any CPU.Build.0 = Release|Any CPU
		{8850BAB7-F536-4860-9CD3-A760FEDF8F66}.Release|x64.ActiveCfg = Release|Any CPU
		{8850BAB7-F536-4860-9CD3-A760FEDF8F66}.Release|x64.Build.0 = Release|Any CPU
		{8850BAB7-F536-4860-9CD3-A760FEDF8F66}.Release|x86.ActiveCfg = Release|Any CPU
		{8850BAB7-F536-4860-9CD3-A760FEDF8F66}.Release|x86.Build.0 = Release|Any CPU
		{887A9E11-12C3-4EB9-81CB-EB11EE27860B}.Debug|Any CPU.ActiveCfg = Debug|Any CPU
		{887A9E11-12C3-4EB9-81CB-EB11EE27860B}.Debug|Any CPU.Build.0 = Debug|Any CPU
		{887A9E11-12C3-4EB9-81CB-EB11EE27860B}.Debug|x64.ActiveCfg = Debug|Any CPU
		{887A9E11-12C3-4EB9-81CB-EB11EE27860B}.Debug|x64.Build.0 = Debug|Any CPU
		{887A9E11-12C3-4EB9-81CB-EB11EE27860B}.Debug|x86.ActiveCfg = Debug|Any CPU
		{887A9E11-12C3-4EB9-81CB-EB11EE27860B}.Debug|x86.Build.0 = Debug|Any CPU
		{887A9E11-12C3-4EB9-81CB-EB11EE27860B}.Release|Any CPU.ActiveCfg = Release|Any CPU
		{887A9E11-12C3-4EB9-81CB-EB11EE27860B}.Release|Any CPU.Build.0 = Release|Any CPU
		{887A9E11-12C3-4EB9-81CB-EB11EE27860B}.Release|x64.ActiveCfg = Release|Any CPU
		{887A9E11-12C3-4EB9-81CB-EB11EE27860B}.Release|x64.Build.0 = Release|Any CPU
		{887A9E11-12C3-4EB9-81CB-EB11EE27860B}.Release|x86.ActiveCfg = Release|Any CPU
		{887A9E11-12C3-4EB9-81CB-EB11EE27860B}.Release|x86.Build.0 = Release|Any CPU
		{CE1159B9-F763-4C32-828A-77529A820415}.Debug|Any CPU.ActiveCfg = Debug|Any CPU
		{CE1159B9-F763-4C32-828A-77529A820415}.Debug|Any CPU.Build.0 = Debug|Any CPU
		{CE1159B9-F763-4C32-828A-77529A820415}.Debug|x64.ActiveCfg = Debug|Any CPU
		{CE1159B9-F763-4C32-828A-77529A820415}.Debug|x64.Build.0 = Debug|Any CPU
		{CE1159B9-F763-4C32-828A-77529A820415}.Debug|x86.ActiveCfg = Debug|Any CPU
		{CE1159B9-F763-4C32-828A-77529A820415}.Debug|x86.Build.0 = Debug|Any CPU
		{CE1159B9-F763-4C32-828A-77529A820415}.Release|Any CPU.ActiveCfg = Release|Any CPU
		{CE1159B9-F763-4C32-828A-77529A820415}.Release|Any CPU.Build.0 = Release|Any CPU
		{CE1159B9-F763-4C32-828A-77529A820415}.Release|x64.ActiveCfg = Release|Any CPU
		{CE1159B9-F763-4C32-828A-77529A820415}.Release|x64.Build.0 = Release|Any CPU
		{CE1159B9-F763-4C32-828A-77529A820415}.Release|x86.ActiveCfg = Release|Any CPU
		{CE1159B9-F763-4C32-828A-77529A820415}.Release|x86.Build.0 = Release|Any CPU
		{0084741A-23E4-4AF7-BB4F-112F17D54C42}.Debug|Any CPU.ActiveCfg = Debug|Any CPU
		{0084741A-23E4-4AF7-BB4F-112F17D54C42}.Debug|Any CPU.Build.0 = Debug|Any CPU
		{0084741A-23E4-4AF7-BB4F-112F17D54C42}.Debug|x64.ActiveCfg = Debug|Any CPU
		{0084741A-23E4-4AF7-BB4F-112F17D54C42}.Debug|x64.Build.0 = Debug|Any CPU
		{0084741A-23E4-4AF7-BB4F-112F17D54C42}.Debug|x86.ActiveCfg = Debug|Any CPU
		{0084741A-23E4-4AF7-BB4F-112F17D54C42}.Debug|x86.Build.0 = Debug|Any CPU
		{0084741A-23E4-4AF7-BB4F-112F17D54C42}.Release|Any CPU.ActiveCfg = Release|Any CPU
		{0084741A-23E4-4AF7-BB4F-112F17D54C42}.Release|Any CPU.Build.0 = Release|Any CPU
		{0084741A-23E4-4AF7-BB4F-112F17D54C42}.Release|x64.ActiveCfg = Release|Any CPU
		{0084741A-23E4-4AF7-BB4F-112F17D54C42}.Release|x64.Build.0 = Release|Any CPU
		{0084741A-23E4-4AF7-BB4F-112F17D54C42}.Release|x86.ActiveCfg = Release|Any CPU
		{0084741A-23E4-4AF7-BB4F-112F17D54C42}.Release|x86.Build.0 = Release|Any CPU
		{856A4A2A-E045-4AC4-A14B-B99E8BE1EE98}.Debug|Any CPU.ActiveCfg = Debug|Any CPU
		{856A4A2A-E045-4AC4-A14B-B99E8BE1EE98}.Debug|Any CPU.Build.0 = Debug|Any CPU
		{856A4A2A-E045-4AC4-A14B-B99E8BE1EE98}.Debug|x64.ActiveCfg = Debug|Any CPU
		{856A4A2A-E045-4AC4-A14B-B99E8BE1EE98}.Debug|x64.Build.0 = Debug|Any CPU
		{856A4A2A-E045-4AC4-A14B-B99E8BE1EE98}.Debug|x86.ActiveCfg = Debug|Any CPU
		{856A4A2A-E045-4AC4-A14B-B99E8BE1EE98}.Debug|x86.Build.0 = Debug|Any CPU
		{856A4A2A-E045-4AC4-A14B-B99E8BE1EE98}.Release|Any CPU.ActiveCfg = Release|Any CPU
		{856A4A2A-E045-4AC4-A14B-B99E8BE1EE98}.Release|Any CPU.Build.0 = Release|Any CPU
		{856A4A2A-E045-4AC4-A14B-B99E8BE1EE98}.Release|x64.ActiveCfg = Release|Any CPU
		{856A4A2A-E045-4AC4-A14B-B99E8BE1EE98}.Release|x64.Build.0 = Release|Any CPU
		{856A4A2A-E045-4AC4-A14B-B99E8BE1EE98}.Release|x86.ActiveCfg = Release|Any CPU
		{856A4A2A-E045-4AC4-A14B-B99E8BE1EE98}.Release|x86.Build.0 = Release|Any CPU
		{06018433-2F98-4238-B1CF-673117FEDAD4}.Debug|Any CPU.ActiveCfg = Debug|Any CPU
		{06018433-2F98-4238-B1CF-673117FEDAD4}.Debug|Any CPU.Build.0 = Debug|Any CPU
		{06018433-2F98-4238-B1CF-673117FEDAD4}.Debug|x64.ActiveCfg = Debug|Any CPU
		{06018433-2F98-4238-B1CF-673117FEDAD4}.Debug|x64.Build.0 = Debug|Any CPU
		{06018433-2F98-4238-B1CF-673117FEDAD4}.Debug|x86.ActiveCfg = Debug|Any CPU
		{06018433-2F98-4238-B1CF-673117FEDAD4}.Debug|x86.Build.0 = Debug|Any CPU
		{06018433-2F98-4238-B1CF-673117FEDAD4}.Release|Any CPU.ActiveCfg = Release|Any CPU
		{06018433-2F98-4238-B1CF-673117FEDAD4}.Release|Any CPU.Build.0 = Release|Any CPU
		{06018433-2F98-4238-B1CF-673117FEDAD4}.Release|x64.ActiveCfg = Release|Any CPU
		{06018433-2F98-4238-B1CF-673117FEDAD4}.Release|x64.Build.0 = Release|Any CPU
		{06018433-2F98-4238-B1CF-673117FEDAD4}.Release|x86.ActiveCfg = Release|Any CPU
		{06018433-2F98-4238-B1CF-673117FEDAD4}.Release|x86.Build.0 = Release|Any CPU
		{FB30F557-D861-428B-A05D-49AE57F00EA4}.Debug|Any CPU.ActiveCfg = Debug|Any CPU
		{FB30F557-D861-428B-A05D-49AE57F00EA4}.Debug|Any CPU.Build.0 = Debug|Any CPU
		{FB30F557-D861-428B-A05D-49AE57F00EA4}.Debug|x64.ActiveCfg = Debug|Any CPU
		{FB30F557-D861-428B-A05D-49AE57F00EA4}.Debug|x64.Build.0 = Debug|Any CPU
		{FB30F557-D861-428B-A05D-49AE57F00EA4}.Debug|x86.ActiveCfg = Debug|Any CPU
		{FB30F557-D861-428B-A05D-49AE57F00EA4}.Debug|x86.Build.0 = Debug|Any CPU
		{FB30F557-D861-428B-A05D-49AE57F00EA4}.Release|Any CPU.ActiveCfg = Release|Any CPU
		{FB30F557-D861-428B-A05D-49AE57F00EA4}.Release|Any CPU.Build.0 = Release|Any CPU
		{FB30F557-D861-428B-A05D-49AE57F00EA4}.Release|x64.ActiveCfg = Release|Any CPU
		{FB30F557-D861-428B-A05D-49AE57F00EA4}.Release|x64.Build.0 = Release|Any CPU
		{FB30F557-D861-428B-A05D-49AE57F00EA4}.Release|x86.ActiveCfg = Release|Any CPU
		{FB30F557-D861-428B-A05D-49AE57F00EA4}.Release|x86.Build.0 = Release|Any CPU
		{8A1331D1-BAC3-4DD9-B16E-BB04BEE46D0A}.Debug|Any CPU.ActiveCfg = Debug|Any CPU
		{8A1331D1-BAC3-4DD9-B16E-BB04BEE46D0A}.Debug|Any CPU.Build.0 = Debug|Any CPU
		{8A1331D1-BAC3-4DD9-B16E-BB04BEE46D0A}.Debug|x64.ActiveCfg = Debug|Any CPU
		{8A1331D1-BAC3-4DD9-B16E-BB04BEE46D0A}.Debug|x64.Build.0 = Debug|Any CPU
		{8A1331D1-BAC3-4DD9-B16E-BB04BEE46D0A}.Debug|x86.ActiveCfg = Debug|Any CPU
		{8A1331D1-BAC3-4DD9-B16E-BB04BEE46D0A}.Debug|x86.Build.0 = Debug|Any CPU
		{8A1331D1-BAC3-4DD9-B16E-BB04BEE46D0A}.Release|Any CPU.ActiveCfg = Release|Any CPU
		{8A1331D1-BAC3-4DD9-B16E-BB04BEE46D0A}.Release|Any CPU.Build.0 = Release|Any CPU
		{8A1331D1-BAC3-4DD9-B16E-BB04BEE46D0A}.Release|x64.ActiveCfg = Release|Any CPU
		{8A1331D1-BAC3-4DD9-B16E-BB04BEE46D0A}.Release|x64.Build.0 = Release|Any CPU
		{8A1331D1-BAC3-4DD9-B16E-BB04BEE46D0A}.Release|x86.ActiveCfg = Release|Any CPU
		{8A1331D1-BAC3-4DD9-B16E-BB04BEE46D0A}.Release|x86.Build.0 = Release|Any CPU
		{93B5A99A-B7D8-4412-A801-BE6572157CFA}.Debug|Any CPU.ActiveCfg = Debug|Any CPU
		{93B5A99A-B7D8-4412-A801-BE6572157CFA}.Debug|Any CPU.Build.0 = Debug|Any CPU
		{93B5A99A-B7D8-4412-A801-BE6572157CFA}.Debug|x64.ActiveCfg = Debug|Any CPU
		{93B5A99A-B7D8-4412-A801-BE6572157CFA}.Debug|x64.Build.0 = Debug|Any CPU
		{93B5A99A-B7D8-4412-A801-BE6572157CFA}.Debug|x86.ActiveCfg = Debug|Any CPU
		{93B5A99A-B7D8-4412-A801-BE6572157CFA}.Debug|x86.Build.0 = Debug|Any CPU
		{93B5A99A-B7D8-4412-A801-BE6572157CFA}.Release|Any CPU.ActiveCfg = Release|Any CPU
		{93B5A99A-B7D8-4412-A801-BE6572157CFA}.Release|Any CPU.Build.0 = Release|Any CPU
		{93B5A99A-B7D8-4412-A801-BE6572157CFA}.Release|x64.ActiveCfg = Release|Any CPU
		{93B5A99A-B7D8-4412-A801-BE6572157CFA}.Release|x64.Build.0 = Release|Any CPU
		{93B5A99A-B7D8-4412-A801-BE6572157CFA}.Release|x86.ActiveCfg = Release|Any CPU
		{93B5A99A-B7D8-4412-A801-BE6572157CFA}.Release|x86.Build.0 = Release|Any CPU
		{F01EA18D-DAA2-41A3-B6B4-5F7B185C3525}.Debug|Any CPU.ActiveCfg = Debug|Any CPU
		{F01EA18D-DAA2-41A3-B6B4-5F7B185C3525}.Debug|Any CPU.Build.0 = Debug|Any CPU
		{F01EA18D-DAA2-41A3-B6B4-5F7B185C3525}.Debug|x64.ActiveCfg = Debug|Any CPU
		{F01EA18D-DAA2-41A3-B6B4-5F7B185C3525}.Debug|x64.Build.0 = Debug|Any CPU
		{F01EA18D-DAA2-41A3-B6B4-5F7B185C3525}.Debug|x86.ActiveCfg = Debug|Any CPU
		{F01EA18D-DAA2-41A3-B6B4-5F7B185C3525}.Debug|x86.Build.0 = Debug|Any CPU
		{F01EA18D-DAA2-41A3-B6B4-5F7B185C3525}.Release|Any CPU.ActiveCfg = Release|Any CPU
		{F01EA18D-DAA2-41A3-B6B4-5F7B185C3525}.Release|Any CPU.Build.0 = Release|Any CPU
		{F01EA18D-DAA2-41A3-B6B4-5F7B185C3525}.Release|x64.ActiveCfg = Release|Any CPU
		{F01EA18D-DAA2-41A3-B6B4-5F7B185C3525}.Release|x64.Build.0 = Release|Any CPU
		{F01EA18D-DAA2-41A3-B6B4-5F7B185C3525}.Release|x86.ActiveCfg = Release|Any CPU
		{F01EA18D-DAA2-41A3-B6B4-5F7B185C3525}.Release|x86.Build.0 = Release|Any CPU
		{8BAC820F-4969-42B6-8605-DDE76BE39444}.Debug|Any CPU.ActiveCfg = Debug|Any CPU
		{8BAC820F-4969-42B6-8605-DDE76BE39444}.Debug|Any CPU.Build.0 = Debug|Any CPU
		{8BAC820F-4969-42B6-8605-DDE76BE39444}.Debug|x64.ActiveCfg = Debug|Any CPU
		{8BAC820F-4969-42B6-8605-DDE76BE39444}.Debug|x64.Build.0 = Debug|Any CPU
		{8BAC820F-4969-42B6-8605-DDE76BE39444}.Debug|x86.ActiveCfg = Debug|Any CPU
		{8BAC820F-4969-42B6-8605-DDE76BE39444}.Debug|x86.Build.0 = Debug|Any CPU
		{8BAC820F-4969-42B6-8605-DDE76BE39444}.Release|Any CPU.ActiveCfg = Release|Any CPU
		{8BAC820F-4969-42B6-8605-DDE76BE39444}.Release|Any CPU.Build.0 = Release|Any CPU
		{8BAC820F-4969-42B6-8605-DDE76BE39444}.Release|x64.ActiveCfg = Release|Any CPU
		{8BAC820F-4969-42B6-8605-DDE76BE39444}.Release|x64.Build.0 = Release|Any CPU
		{8BAC820F-4969-42B6-8605-DDE76BE39444}.Release|x86.ActiveCfg = Release|Any CPU
		{8BAC820F-4969-42B6-8605-DDE76BE39444}.Release|x86.Build.0 = Release|Any CPU
		{8F6A8C7F-F400-4CF6-B5F8-3E2CE231D8B6}.Debug|Any CPU.ActiveCfg = Debug|Any CPU
		{8F6A8C7F-F400-4CF6-B5F8-3E2CE231D8B6}.Debug|Any CPU.Build.0 = Debug|Any CPU
		{8F6A8C7F-F400-4CF6-B5F8-3E2CE231D8B6}.Debug|x64.ActiveCfg = Debug|Any CPU
		{8F6A8C7F-F400-4CF6-B5F8-3E2CE231D8B6}.Debug|x64.Build.0 = Debug|Any CPU
		{8F6A8C7F-F400-4CF6-B5F8-3E2CE231D8B6}.Debug|x86.ActiveCfg = Debug|Any CPU
		{8F6A8C7F-F400-4CF6-B5F8-3E2CE231D8B6}.Debug|x86.Build.0 = Debug|Any CPU
		{8F6A8C7F-F400-4CF6-B5F8-3E2CE231D8B6}.Release|Any CPU.ActiveCfg = Release|Any CPU
		{8F6A8C7F-F400-4CF6-B5F8-3E2CE231D8B6}.Release|Any CPU.Build.0 = Release|Any CPU
		{8F6A8C7F-F400-4CF6-B5F8-3E2CE231D8B6}.Release|x64.ActiveCfg = Release|Any CPU
		{8F6A8C7F-F400-4CF6-B5F8-3E2CE231D8B6}.Release|x64.Build.0 = Release|Any CPU
		{8F6A8C7F-F400-4CF6-B5F8-3E2CE231D8B6}.Release|x86.ActiveCfg = Release|Any CPU
		{8F6A8C7F-F400-4CF6-B5F8-3E2CE231D8B6}.Release|x86.Build.0 = Release|Any CPU
	EndGlobalSection
	GlobalSection(SolutionProperties) = preSolution
		HideSolutionNode = FALSE
	EndGlobalSection
	GlobalSection(NestedProjects) = preSolution
		{63FD9C99-C538-44BF-9AD4-D892775E336B} = {3C549079-A502-4B40-B051-5278915AE91B}
		{8850BAB7-F536-4860-9CD3-A760FEDF8F66} = {E14F66D1-EA3E-40C6-835A-91A4382D4646}
		{887A9E11-12C3-4EB9-81CB-EB11EE27860B} = {E14F66D1-EA3E-40C6-835A-91A4382D4646}
		{CE1159B9-F763-4C32-828A-77529A820415} = {E14F66D1-EA3E-40C6-835A-91A4382D4646}
		{3E17088E-56DA-42CB-97CE-E5E683B14D92} = {E14F66D1-EA3E-40C6-835A-91A4382D4646}
		{0084741A-23E4-4AF7-BB4F-112F17D54C42} = {3E17088E-56DA-42CB-97CE-E5E683B14D92}
		{856A4A2A-E045-4AC4-A14B-B99E8BE1EE98} = {3E17088E-56DA-42CB-97CE-E5E683B14D92}
		{06018433-2F98-4238-B1CF-673117FEDAD4} = {3E17088E-56DA-42CB-97CE-E5E683B14D92}
		{FB30F557-D861-428B-A05D-49AE57F00EA4} = {B2A776DB-385B-4AD4-96A5-61746FD909C3}
		{8A1331D1-BAC3-4DD9-B16E-BB04BEE46D0A} = {3C549079-A502-4B40-B051-5278915AE91B}
		{93B5A99A-B7D8-4412-A801-BE6572157CFA} = {B2A776DB-385B-4AD4-96A5-61746FD909C3}
		{F01EA18D-DAA2-41A3-B6B4-5F7B185C3525} = {439382D9-7230-4AD0-A82F-956020041BDD}
		{8BAC820F-4969-42B6-8605-DDE76BE39444} = {E14F66D1-EA3E-40C6-835A-91A4382D4646}
		{8F6A8C7F-F400-4CF6-B5F8-3E2CE231D8B6} = {E14F66D1-EA3E-40C6-835A-91A4382D4646}
	EndGlobalSection
	GlobalSection(ExtensibilityGlobals) = postSolution
		SolutionGuid = {3DAD5980-4688-4794-9CF0-6F3CB67194E7}
	EndGlobalSection
EndGlobal
