
Microsoft Visual Studio Solution File, Format Version 12.00
# Visual Studio Version 17
VisualStudioVersion = 17.9.34414.90
MinimumVisualStudioVersion = 15.0.26124.0
Project("{9A19103F-16F7-4668-BE54-9A1E7A4F7556}") = "Duende.Bff", "src\Duende.Bff\Duende.Bff.csproj", "{63FD9C99-C538-44BF-9AD4-D892775E336B}"
EndProject
Project("{2150E333-8FDC-42A3-9474-1A3956D46DE8}") = "src", "src", "{3C549079-A502-4B40-B051-5278915AE91B}"
EndProject
Project("{2150E333-8FDC-42A3-9474-1A3956D46DE8}") = "samples", "samples", "{E14F66D1-EA3E-40C6-835A-91A4382D4646}"
EndProject
Project("{9A19103F-16F7-4668-BE54-9A1E7A4F7556}") = "Api", "samples\Api\Api.csproj", "{887A9E11-12C3-4EB9-81CB-EB11EE27860B}"
EndProject
Project("{9A19103F-16F7-4668-BE54-9A1E7A4F7556}") = "IdentityServer", "samples\IdentityServer\IdentityServer.csproj", "{CE1159B9-F763-4C32-828A-77529A820415}"
EndProject
Project("{2150E333-8FDC-42A3-9474-1A3956D46DE8}") = "test", "test", "{B2A776DB-385B-4AD4-96A5-61746FD909C3}"
EndProject
Project("{9A19103F-16F7-4668-BE54-9A1E7A4F7556}") = "Duende.Bff.Tests", "test\Duende.Bff.Tests\Duende.Bff.Tests.csproj", "{FB30F557-D861-428B-A05D-49AE57F00EA4}"
EndProject
Project("{9A19103F-16F7-4668-BE54-9A1E7A4F7556}") = "Duende.Bff.EntityFramework", "src\Duende.Bff.EntityFramework\Duende.Bff.EntityFramework.csproj", "{8A1331D1-BAC3-4DD9-B16E-BB04BEE46D0A}"
EndProject
Project("{9A19103F-16F7-4668-BE54-9A1E7A4F7556}") = "Duende.Bff.EntityFramework.Tests", "test\Duende.Bff.EntityFramework.Tests\Duende.Bff.EntityFramework.Tests.csproj", "{93B5A99A-B7D8-4412-A801-BE6572157CFA}"
EndProject
Project("{2150E333-8FDC-42A3-9474-1A3956D46DE8}") = "migrations", "migrations", "{439382D9-7230-4AD0-A82F-956020041BDD}"
EndProject
Project("{9A19103F-16F7-4668-BE54-9A1E7A4F7556}") = "UserSessionDb", "migrations\UserSessionDb\UserSessionDb.csproj", "{F01EA18D-DAA2-41A3-B6B4-5F7B185C3525}"
EndProject
Project("{9A19103F-16F7-4668-BE54-9A1E7A4F7556}") = "JS.Yarp", "samples\JS.Yarp\JS.Yarp.csproj", "{7ACD3916-576B-4C5F-B2A9-4617535E95ED}"
EndProject
Project("{9A19103F-16F7-4668-BE54-9A1E7A4F7556}") = "Duende.Bff.Yarp", "src\Duende.Bff.Yarp\Duende.Bff.Yarp.csproj", "{E2D87CB5-8F05-4629-84FF-4B44CF86EDA4}"
EndProject
Project("{9A19103F-16F7-4668-BE54-9A1E7A4F7556}") = "Api.DPoP", "samples\Api.DPoP\Api.DPoP.csproj", "{E1305546-C5C3-4D10-A0AD-F81DF057B2E2}"
EndProject
Project("{9A19103F-16F7-4668-BE54-9A1E7A4F7556}") = "Api.Isolated", "samples\Api.Isolated\Api.Isolated.csproj", "{399929C6-47FF-4A45-9BEA-B70FFC1EDE69}"
EndProject
Project("{9A19103F-16F7-4668-BE54-9A1E7A4F7556}") = "JS8", "samples\JS8\JS8.csproj", "{B37CA136-3F20-4D8A-9677-E3A9C9D893EF}"
EndProject
Project("{9A19103F-16F7-4668-BE54-9A1E7A4F7556}") = "JS8.DPoP", "samples\JS8.DPoP\JS8.DPoP.csproj", "{D8757F0F-254E-495F-961F-0192F8C97E3F}"
EndProject
Project("{9A19103F-16F7-4668-BE54-9A1E7A4F7556}") = "JS8.EF", "samples\JS8.EF\JS8.EF.csproj", "{CBB98134-92F5-487D-8CA3-84C19FF46775}"
EndProject
Project("{2150E333-8FDC-42A3-9474-1A3956D46DE8}") = "Blazor.Wasm", "Blazor.Wasm", "{7E6EA8BA-EE8B-450E-AE89-C4604C0DD326}"
EndProject
Project("{9A19103F-16F7-4668-BE54-9A1E7A4F7556}") = "Blazor.Wasm.Bff", "samples\Blazor.Wasm\Blazor.Wasm.Bff\Blazor.Wasm.Bff.csproj", "{BC21ADB7-F2CA-44F0-B6ED-0405E1EFFFA3}"
EndProject
Project("{9A19103F-16F7-4668-BE54-9A1E7A4F7556}") = "Blazor.Wasm.Client", "samples\Blazor.Wasm\Blazor.Wasm.Client\Blazor.Wasm.Client.csproj", "{4E69FCF6-AE76-4F6D-98B8-969E9D244AE4}"
EndProject
Project("{9A19103F-16F7-4668-BE54-9A1E7A4F7556}") = "Blazor", "Samples\Blazor\Blazor\Blazor.csproj", "{44090E1B-36A8-4755-9BB1-4DCC0BCDD020}"
EndProject
Project("{9A19103F-16F7-4668-BE54-9A1E7A4F7556}") = "Blazor.Client", "Samples\Blazor\Blazor.Client\Blazor.Client.csproj", "{1A786E4D-C59C-4525-AD5F-C82B7799A986}"
EndProject
Project("{FAE04EC0-301F-11D3-BF4B-00C04F79EFBC}") = "Duende.Bff.Blazor", "Duende.Bff.Blazor\Duende.Bff.Blazor.csproj", "{84183701-51A1-469C-8088-1B9E9CD8DCFE}"
EndProject
Global
	GlobalSection(SolutionConfigurationPlatforms) = preSolution
		Debug|Any CPU = Debug|Any CPU
		Debug|x64 = Debug|x64
		Debug|x86 = Debug|x86
		Release|Any CPU = Release|Any CPU
		Release|x64 = Release|x64
		Release|x86 = Release|x86
	EndGlobalSection
	GlobalSection(ProjectConfigurationPlatforms) = postSolution
		{63FD9C99-C538-44BF-9AD4-D892775E336B}.Debug|Any CPU.ActiveCfg = Debug|Any CPU
		{63FD9C99-C538-44BF-9AD4-D892775E336B}.Debug|Any CPU.Build.0 = Debug|Any CPU
		{63FD9C99-C538-44BF-9AD4-D892775E336B}.Debug|x64.ActiveCfg = Debug|Any CPU
		{63FD9C99-C538-44BF-9AD4-D892775E336B}.Debug|x64.Build.0 = Debug|Any CPU
		{63FD9C99-C538-44BF-9AD4-D892775E336B}.Debug|x86.ActiveCfg = Debug|Any CPU
		{63FD9C99-C538-44BF-9AD4-D892775E336B}.Debug|x86.Build.0 = Debug|Any CPU
		{63FD9C99-C538-44BF-9AD4-D892775E336B}.Release|Any CPU.ActiveCfg = Release|Any CPU
		{63FD9C99-C538-44BF-9AD4-D892775E336B}.Release|Any CPU.Build.0 = Release|Any CPU
		{63FD9C99-C538-44BF-9AD4-D892775E336B}.Release|x64.ActiveCfg = Release|Any CPU
		{63FD9C99-C538-44BF-9AD4-D892775E336B}.Release|x64.Build.0 = Release|Any CPU
		{63FD9C99-C538-44BF-9AD4-D892775E336B}.Release|x86.ActiveCfg = Release|Any CPU
		{63FD9C99-C538-44BF-9AD4-D892775E336B}.Release|x86.Build.0 = Release|Any CPU
		{887A9E11-12C3-4EB9-81CB-EB11EE27860B}.Debug|Any CPU.ActiveCfg = Debug|Any CPU
		{887A9E11-12C3-4EB9-81CB-EB11EE27860B}.Debug|Any CPU.Build.0 = Debug|Any CPU
		{887A9E11-12C3-4EB9-81CB-EB11EE27860B}.Debug|x64.ActiveCfg = Debug|Any CPU
		{887A9E11-12C3-4EB9-81CB-EB11EE27860B}.Debug|x64.Build.0 = Debug|Any CPU
		{887A9E11-12C3-4EB9-81CB-EB11EE27860B}.Debug|x86.ActiveCfg = Debug|Any CPU
		{887A9E11-12C3-4EB9-81CB-EB11EE27860B}.Debug|x86.Build.0 = Debug|Any CPU
		{887A9E11-12C3-4EB9-81CB-EB11EE27860B}.Release|Any CPU.ActiveCfg = Release|Any CPU
		{887A9E11-12C3-4EB9-81CB-EB11EE27860B}.Release|Any CPU.Build.0 = Release|Any CPU
		{887A9E11-12C3-4EB9-81CB-EB11EE27860B}.Release|x64.ActiveCfg = Release|Any CPU
		{887A9E11-12C3-4EB9-81CB-EB11EE27860B}.Release|x64.Build.0 = Release|Any CPU
		{887A9E11-12C3-4EB9-81CB-EB11EE27860B}.Release|x86.ActiveCfg = Release|Any CPU
		{887A9E11-12C3-4EB9-81CB-EB11EE27860B}.Release|x86.Build.0 = Release|Any CPU
		{CE1159B9-F763-4C32-828A-77529A820415}.Debug|Any CPU.ActiveCfg = Debug|Any CPU
		{CE1159B9-F763-4C32-828A-77529A820415}.Debug|Any CPU.Build.0 = Debug|Any CPU
		{CE1159B9-F763-4C32-828A-77529A820415}.Debug|x64.ActiveCfg = Debug|Any CPU
		{CE1159B9-F763-4C32-828A-77529A820415}.Debug|x64.Build.0 = Debug|Any CPU
		{CE1159B9-F763-4C32-828A-77529A820415}.Debug|x86.ActiveCfg = Debug|Any CPU
		{CE1159B9-F763-4C32-828A-77529A820415}.Debug|x86.Build.0 = Debug|Any CPU
		{CE1159B9-F763-4C32-828A-77529A820415}.Release|Any CPU.ActiveCfg = Release|Any CPU
		{CE1159B9-F763-4C32-828A-77529A820415}.Release|Any CPU.Build.0 = Release|Any CPU
		{CE1159B9-F763-4C32-828A-77529A820415}.Release|x64.ActiveCfg = Release|Any CPU
		{CE1159B9-F763-4C32-828A-77529A820415}.Release|x64.Build.0 = Release|Any CPU
		{CE1159B9-F763-4C32-828A-77529A820415}.Release|x86.ActiveCfg = Release|Any CPU
		{CE1159B9-F763-4C32-828A-77529A820415}.Release|x86.Build.0 = Release|Any CPU
		{FB30F557-D861-428B-A05D-49AE57F00EA4}.Debug|Any CPU.ActiveCfg = Debug|Any CPU
		{FB30F557-D861-428B-A05D-49AE57F00EA4}.Debug|Any CPU.Build.0 = Debug|Any CPU
		{FB30F557-D861-428B-A05D-49AE57F00EA4}.Debug|x64.ActiveCfg = Debug|Any CPU
		{FB30F557-D861-428B-A05D-49AE57F00EA4}.Debug|x64.Build.0 = Debug|Any CPU
		{FB30F557-D861-428B-A05D-49AE57F00EA4}.Debug|x86.ActiveCfg = Debug|Any CPU
		{FB30F557-D861-428B-A05D-49AE57F00EA4}.Debug|x86.Build.0 = Debug|Any CPU
		{FB30F557-D861-428B-A05D-49AE57F00EA4}.Release|Any CPU.ActiveCfg = Release|Any CPU
		{FB30F557-D861-428B-A05D-49AE57F00EA4}.Release|Any CPU.Build.0 = Release|Any CPU
		{FB30F557-D861-428B-A05D-49AE57F00EA4}.Release|x64.ActiveCfg = Release|Any CPU
		{FB30F557-D861-428B-A05D-49AE57F00EA4}.Release|x64.Build.0 = Release|Any CPU
		{FB30F557-D861-428B-A05D-49AE57F00EA4}.Release|x86.ActiveCfg = Release|Any CPU
		{FB30F557-D861-428B-A05D-49AE57F00EA4}.Release|x86.Build.0 = Release|Any CPU
		{8A1331D1-BAC3-4DD9-B16E-BB04BEE46D0A}.Debug|Any CPU.ActiveCfg = Debug|Any CPU
		{8A1331D1-BAC3-4DD9-B16E-BB04BEE46D0A}.Debug|Any CPU.Build.0 = Debug|Any CPU
		{8A1331D1-BAC3-4DD9-B16E-BB04BEE46D0A}.Debug|x64.ActiveCfg = Debug|Any CPU
		{8A1331D1-BAC3-4DD9-B16E-BB04BEE46D0A}.Debug|x64.Build.0 = Debug|Any CPU
		{8A1331D1-BAC3-4DD9-B16E-BB04BEE46D0A}.Debug|x86.ActiveCfg = Debug|Any CPU
		{8A1331D1-BAC3-4DD9-B16E-BB04BEE46D0A}.Debug|x86.Build.0 = Debug|Any CPU
		{8A1331D1-BAC3-4DD9-B16E-BB04BEE46D0A}.Release|Any CPU.ActiveCfg = Release|Any CPU
		{8A1331D1-BAC3-4DD9-B16E-BB04BEE46D0A}.Release|Any CPU.Build.0 = Release|Any CPU
		{8A1331D1-BAC3-4DD9-B16E-BB04BEE46D0A}.Release|x64.ActiveCfg = Release|Any CPU
		{8A1331D1-BAC3-4DD9-B16E-BB04BEE46D0A}.Release|x64.Build.0 = Release|Any CPU
		{8A1331D1-BAC3-4DD9-B16E-BB04BEE46D0A}.Release|x86.ActiveCfg = Release|Any CPU
		{8A1331D1-BAC3-4DD9-B16E-BB04BEE46D0A}.Release|x86.Build.0 = Release|Any CPU
		{93B5A99A-B7D8-4412-A801-BE6572157CFA}.Debug|Any CPU.ActiveCfg = Debug|Any CPU
		{93B5A99A-B7D8-4412-A801-BE6572157CFA}.Debug|Any CPU.Build.0 = Debug|Any CPU
		{93B5A99A-B7D8-4412-A801-BE6572157CFA}.Debug|x64.ActiveCfg = Debug|Any CPU
		{93B5A99A-B7D8-4412-A801-BE6572157CFA}.Debug|x64.Build.0 = Debug|Any CPU
		{93B5A99A-B7D8-4412-A801-BE6572157CFA}.Debug|x86.ActiveCfg = Debug|Any CPU
		{93B5A99A-B7D8-4412-A801-BE6572157CFA}.Debug|x86.Build.0 = Debug|Any CPU
		{93B5A99A-B7D8-4412-A801-BE6572157CFA}.Release|Any CPU.ActiveCfg = Release|Any CPU
		{93B5A99A-B7D8-4412-A801-BE6572157CFA}.Release|Any CPU.Build.0 = Release|Any CPU
		{93B5A99A-B7D8-4412-A801-BE6572157CFA}.Release|x64.ActiveCfg = Release|Any CPU
		{93B5A99A-B7D8-4412-A801-BE6572157CFA}.Release|x64.Build.0 = Release|Any CPU
		{93B5A99A-B7D8-4412-A801-BE6572157CFA}.Release|x86.ActiveCfg = Release|Any CPU
		{93B5A99A-B7D8-4412-A801-BE6572157CFA}.Release|x86.Build.0 = Release|Any CPU
		{F01EA18D-DAA2-41A3-B6B4-5F7B185C3525}.Debug|Any CPU.ActiveCfg = Debug|Any CPU
		{F01EA18D-DAA2-41A3-B6B4-5F7B185C3525}.Debug|Any CPU.Build.0 = Debug|Any CPU
		{F01EA18D-DAA2-41A3-B6B4-5F7B185C3525}.Debug|x64.ActiveCfg = Debug|Any CPU
		{F01EA18D-DAA2-41A3-B6B4-5F7B185C3525}.Debug|x64.Build.0 = Debug|Any CPU
		{F01EA18D-DAA2-41A3-B6B4-5F7B185C3525}.Debug|x86.ActiveCfg = Debug|Any CPU
		{F01EA18D-DAA2-41A3-B6B4-5F7B185C3525}.Debug|x86.Build.0 = Debug|Any CPU
		{F01EA18D-DAA2-41A3-B6B4-5F7B185C3525}.Release|Any CPU.ActiveCfg = Release|Any CPU
		{F01EA18D-DAA2-41A3-B6B4-5F7B185C3525}.Release|Any CPU.Build.0 = Release|Any CPU
		{F01EA18D-DAA2-41A3-B6B4-5F7B185C3525}.Release|x64.ActiveCfg = Release|Any CPU
		{F01EA18D-DAA2-41A3-B6B4-5F7B185C3525}.Release|x64.Build.0 = Release|Any CPU
		{F01EA18D-DAA2-41A3-B6B4-5F7B185C3525}.Release|x86.ActiveCfg = Release|Any CPU
		{F01EA18D-DAA2-41A3-B6B4-5F7B185C3525}.Release|x86.Build.0 = Release|Any CPU
		{7ACD3916-576B-4C5F-B2A9-4617535E95ED}.Debug|Any CPU.ActiveCfg = Debug|Any CPU
		{7ACD3916-576B-4C5F-B2A9-4617535E95ED}.Debug|Any CPU.Build.0 = Debug|Any CPU
		{7ACD3916-576B-4C5F-B2A9-4617535E95ED}.Debug|x64.ActiveCfg = Debug|Any CPU
		{7ACD3916-576B-4C5F-B2A9-4617535E95ED}.Debug|x64.Build.0 = Debug|Any CPU
		{7ACD3916-576B-4C5F-B2A9-4617535E95ED}.Debug|x86.ActiveCfg = Debug|Any CPU
		{7ACD3916-576B-4C5F-B2A9-4617535E95ED}.Debug|x86.Build.0 = Debug|Any CPU
		{7ACD3916-576B-4C5F-B2A9-4617535E95ED}.Release|Any CPU.ActiveCfg = Release|Any CPU
		{7ACD3916-576B-4C5F-B2A9-4617535E95ED}.Release|Any CPU.Build.0 = Release|Any CPU
		{7ACD3916-576B-4C5F-B2A9-4617535E95ED}.Release|x64.ActiveCfg = Release|Any CPU
		{7ACD3916-576B-4C5F-B2A9-4617535E95ED}.Release|x64.Build.0 = Release|Any CPU
		{7ACD3916-576B-4C5F-B2A9-4617535E95ED}.Release|x86.ActiveCfg = Release|Any CPU
		{7ACD3916-576B-4C5F-B2A9-4617535E95ED}.Release|x86.Build.0 = Release|Any CPU
		{E2D87CB5-8F05-4629-84FF-4B44CF86EDA4}.Debug|Any CPU.ActiveCfg = Debug|Any CPU
		{E2D87CB5-8F05-4629-84FF-4B44CF86EDA4}.Debug|Any CPU.Build.0 = Debug|Any CPU
		{E2D87CB5-8F05-4629-84FF-4B44CF86EDA4}.Debug|x64.ActiveCfg = Debug|Any CPU
		{E2D87CB5-8F05-4629-84FF-4B44CF86EDA4}.Debug|x64.Build.0 = Debug|Any CPU
		{E2D87CB5-8F05-4629-84FF-4B44CF86EDA4}.Debug|x86.ActiveCfg = Debug|Any CPU
		{E2D87CB5-8F05-4629-84FF-4B44CF86EDA4}.Debug|x86.Build.0 = Debug|Any CPU
		{E2D87CB5-8F05-4629-84FF-4B44CF86EDA4}.Release|Any CPU.ActiveCfg = Release|Any CPU
		{E2D87CB5-8F05-4629-84FF-4B44CF86EDA4}.Release|Any CPU.Build.0 = Release|Any CPU
		{E2D87CB5-8F05-4629-84FF-4B44CF86EDA4}.Release|x64.ActiveCfg = Release|Any CPU
		{E2D87CB5-8F05-4629-84FF-4B44CF86EDA4}.Release|x64.Build.0 = Release|Any CPU
		{E2D87CB5-8F05-4629-84FF-4B44CF86EDA4}.Release|x86.ActiveCfg = Release|Any CPU
		{E2D87CB5-8F05-4629-84FF-4B44CF86EDA4}.Release|x86.Build.0 = Release|Any CPU
		{E1305546-C5C3-4D10-A0AD-F81DF057B2E2}.Debug|Any CPU.ActiveCfg = Debug|Any CPU
		{E1305546-C5C3-4D10-A0AD-F81DF057B2E2}.Debug|Any CPU.Build.0 = Debug|Any CPU
		{E1305546-C5C3-4D10-A0AD-F81DF057B2E2}.Debug|x64.ActiveCfg = Debug|Any CPU
		{E1305546-C5C3-4D10-A0AD-F81DF057B2E2}.Debug|x64.Build.0 = Debug|Any CPU
		{E1305546-C5C3-4D10-A0AD-F81DF057B2E2}.Debug|x86.ActiveCfg = Debug|Any CPU
		{E1305546-C5C3-4D10-A0AD-F81DF057B2E2}.Debug|x86.Build.0 = Debug|Any CPU
		{E1305546-C5C3-4D10-A0AD-F81DF057B2E2}.Release|Any CPU.ActiveCfg = Release|Any CPU
		{E1305546-C5C3-4D10-A0AD-F81DF057B2E2}.Release|Any CPU.Build.0 = Release|Any CPU
		{E1305546-C5C3-4D10-A0AD-F81DF057B2E2}.Release|x64.ActiveCfg = Release|Any CPU
		{E1305546-C5C3-4D10-A0AD-F81DF057B2E2}.Release|x64.Build.0 = Release|Any CPU
		{E1305546-C5C3-4D10-A0AD-F81DF057B2E2}.Release|x86.ActiveCfg = Release|Any CPU
		{E1305546-C5C3-4D10-A0AD-F81DF057B2E2}.Release|x86.Build.0 = Release|Any CPU
		{399929C6-47FF-4A45-9BEA-B70FFC1EDE69}.Debug|Any CPU.ActiveCfg = Debug|Any CPU
		{399929C6-47FF-4A45-9BEA-B70FFC1EDE69}.Debug|Any CPU.Build.0 = Debug|Any CPU
		{399929C6-47FF-4A45-9BEA-B70FFC1EDE69}.Debug|x64.ActiveCfg = Debug|Any CPU
		{399929C6-47FF-4A45-9BEA-B70FFC1EDE69}.Debug|x64.Build.0 = Debug|Any CPU
		{399929C6-47FF-4A45-9BEA-B70FFC1EDE69}.Debug|x86.ActiveCfg = Debug|Any CPU
		{399929C6-47FF-4A45-9BEA-B70FFC1EDE69}.Debug|x86.Build.0 = Debug|Any CPU
		{399929C6-47FF-4A45-9BEA-B70FFC1EDE69}.Release|Any CPU.ActiveCfg = Release|Any CPU
		{399929C6-47FF-4A45-9BEA-B70FFC1EDE69}.Release|Any CPU.Build.0 = Release|Any CPU
		{399929C6-47FF-4A45-9BEA-B70FFC1EDE69}.Release|x64.ActiveCfg = Release|Any CPU
		{399929C6-47FF-4A45-9BEA-B70FFC1EDE69}.Release|x64.Build.0 = Release|Any CPU
		{399929C6-47FF-4A45-9BEA-B70FFC1EDE69}.Release|x86.ActiveCfg = Release|Any CPU
		{399929C6-47FF-4A45-9BEA-B70FFC1EDE69}.Release|x86.Build.0 = Release|Any CPU
		{B37CA136-3F20-4D8A-9677-E3A9C9D893EF}.Debug|Any CPU.ActiveCfg = Debug|Any CPU
		{B37CA136-3F20-4D8A-9677-E3A9C9D893EF}.Debug|Any CPU.Build.0 = Debug|Any CPU
		{B37CA136-3F20-4D8A-9677-E3A9C9D893EF}.Debug|x64.ActiveCfg = Debug|Any CPU
		{B37CA136-3F20-4D8A-9677-E3A9C9D893EF}.Debug|x64.Build.0 = Debug|Any CPU
		{B37CA136-3F20-4D8A-9677-E3A9C9D893EF}.Debug|x86.ActiveCfg = Debug|Any CPU
		{B37CA136-3F20-4D8A-9677-E3A9C9D893EF}.Debug|x86.Build.0 = Debug|Any CPU
		{B37CA136-3F20-4D8A-9677-E3A9C9D893EF}.Release|Any CPU.ActiveCfg = Release|Any CPU
		{B37CA136-3F20-4D8A-9677-E3A9C9D893EF}.Release|Any CPU.Build.0 = Release|Any CPU
		{B37CA136-3F20-4D8A-9677-E3A9C9D893EF}.Release|x64.ActiveCfg = Release|Any CPU
		{B37CA136-3F20-4D8A-9677-E3A9C9D893EF}.Release|x64.Build.0 = Release|Any CPU
		{B37CA136-3F20-4D8A-9677-E3A9C9D893EF}.Release|x86.ActiveCfg = Release|Any CPU
		{B37CA136-3F20-4D8A-9677-E3A9C9D893EF}.Release|x86.Build.0 = Release|Any CPU
		{D8757F0F-254E-495F-961F-0192F8C97E3F}.Debug|Any CPU.ActiveCfg = Debug|Any CPU
		{D8757F0F-254E-495F-961F-0192F8C97E3F}.Debug|Any CPU.Build.0 = Debug|Any CPU
		{D8757F0F-254E-495F-961F-0192F8C97E3F}.Debug|x64.ActiveCfg = Debug|Any CPU
		{D8757F0F-254E-495F-961F-0192F8C97E3F}.Debug|x64.Build.0 = Debug|Any CPU
		{D8757F0F-254E-495F-961F-0192F8C97E3F}.Debug|x86.ActiveCfg = Debug|Any CPU
		{D8757F0F-254E-495F-961F-0192F8C97E3F}.Debug|x86.Build.0 = Debug|Any CPU
		{D8757F0F-254E-495F-961F-0192F8C97E3F}.Release|Any CPU.ActiveCfg = Release|Any CPU
		{D8757F0F-254E-495F-961F-0192F8C97E3F}.Release|Any CPU.Build.0 = Release|Any CPU
		{D8757F0F-254E-495F-961F-0192F8C97E3F}.Release|x64.ActiveCfg = Release|Any CPU
		{D8757F0F-254E-495F-961F-0192F8C97E3F}.Release|x64.Build.0 = Release|Any CPU
		{D8757F0F-254E-495F-961F-0192F8C97E3F}.Release|x86.ActiveCfg = Release|Any CPU
		{D8757F0F-254E-495F-961F-0192F8C97E3F}.Release|x86.Build.0 = Release|Any CPU
		{CBB98134-92F5-487D-8CA3-84C19FF46775}.Debug|Any CPU.ActiveCfg = Debug|Any CPU
		{CBB98134-92F5-487D-8CA3-84C19FF46775}.Debug|Any CPU.Build.0 = Debug|Any CPU
		{CBB98134-92F5-487D-8CA3-84C19FF46775}.Debug|x64.ActiveCfg = Debug|Any CPU
		{CBB98134-92F5-487D-8CA3-84C19FF46775}.Debug|x64.Build.0 = Debug|Any CPU
		{CBB98134-92F5-487D-8CA3-84C19FF46775}.Debug|x86.ActiveCfg = Debug|Any CPU
		{CBB98134-92F5-487D-8CA3-84C19FF46775}.Debug|x86.Build.0 = Debug|Any CPU
		{CBB98134-92F5-487D-8CA3-84C19FF46775}.Release|Any CPU.ActiveCfg = Release|Any CPU
		{CBB98134-92F5-487D-8CA3-84C19FF46775}.Release|Any CPU.Build.0 = Release|Any CPU
		{CBB98134-92F5-487D-8CA3-84C19FF46775}.Release|x64.ActiveCfg = Release|Any CPU
		{CBB98134-92F5-487D-8CA3-84C19FF46775}.Release|x64.Build.0 = Release|Any CPU
		{CBB98134-92F5-487D-8CA3-84C19FF46775}.Release|x86.ActiveCfg = Release|Any CPU
		{CBB98134-92F5-487D-8CA3-84C19FF46775}.Release|x86.Build.0 = Release|Any CPU
		{BC21ADB7-F2CA-44F0-B6ED-0405E1EFFFA3}.Debug|Any CPU.ActiveCfg = Debug|Any CPU
		{BC21ADB7-F2CA-44F0-B6ED-0405E1EFFFA3}.Debug|Any CPU.Build.0 = Debug|Any CPU
		{BC21ADB7-F2CA-44F0-B6ED-0405E1EFFFA3}.Debug|x64.ActiveCfg = Debug|Any CPU
		{BC21ADB7-F2CA-44F0-B6ED-0405E1EFFFA3}.Debug|x64.Build.0 = Debug|Any CPU
		{BC21ADB7-F2CA-44F0-B6ED-0405E1EFFFA3}.Debug|x86.ActiveCfg = Debug|Any CPU
		{BC21ADB7-F2CA-44F0-B6ED-0405E1EFFFA3}.Debug|x86.Build.0 = Debug|Any CPU
		{BC21ADB7-F2CA-44F0-B6ED-0405E1EFFFA3}.Release|Any CPU.ActiveCfg = Release|Any CPU
		{BC21ADB7-F2CA-44F0-B6ED-0405E1EFFFA3}.Release|Any CPU.Build.0 = Release|Any CPU
		{BC21ADB7-F2CA-44F0-B6ED-0405E1EFFFA3}.Release|x64.ActiveCfg = Release|Any CPU
		{BC21ADB7-F2CA-44F0-B6ED-0405E1EFFFA3}.Release|x64.Build.0 = Release|Any CPU
		{BC21ADB7-F2CA-44F0-B6ED-0405E1EFFFA3}.Release|x86.ActiveCfg = Release|Any CPU
		{BC21ADB7-F2CA-44F0-B6ED-0405E1EFFFA3}.Release|x86.Build.0 = Release|Any CPU
		{4E69FCF6-AE76-4F6D-98B8-969E9D244AE4}.Debug|Any CPU.ActiveCfg = Debug|Any CPU
		{4E69FCF6-AE76-4F6D-98B8-969E9D244AE4}.Debug|Any CPU.Build.0 = Debug|Any CPU
		{4E69FCF6-AE76-4F6D-98B8-969E9D244AE4}.Debug|x64.ActiveCfg = Debug|Any CPU
		{4E69FCF6-AE76-4F6D-98B8-969E9D244AE4}.Debug|x64.Build.0 = Debug|Any CPU
		{4E69FCF6-AE76-4F6D-98B8-969E9D244AE4}.Debug|x86.ActiveCfg = Debug|Any CPU
		{4E69FCF6-AE76-4F6D-98B8-969E9D244AE4}.Debug|x86.Build.0 = Debug|Any CPU
		{4E69FCF6-AE76-4F6D-98B8-969E9D244AE4}.Release|Any CPU.ActiveCfg = Release|Any CPU
		{4E69FCF6-AE76-4F6D-98B8-969E9D244AE4}.Release|Any CPU.Build.0 = Release|Any CPU
		{4E69FCF6-AE76-4F6D-98B8-969E9D244AE4}.Release|x64.ActiveCfg = Release|Any CPU
		{4E69FCF6-AE76-4F6D-98B8-969E9D244AE4}.Release|x64.Build.0 = Release|Any CPU
		{4E69FCF6-AE76-4F6D-98B8-969E9D244AE4}.Release|x86.ActiveCfg = Release|Any CPU
		{4E69FCF6-AE76-4F6D-98B8-969E9D244AE4}.Release|x86.Build.0 = Release|Any CPU
		{44090E1B-36A8-4755-9BB1-4DCC0BCDD020}.Debug|Any CPU.ActiveCfg = Debug|Any CPU
		{44090E1B-36A8-4755-9BB1-4DCC0BCDD020}.Debug|Any CPU.Build.0 = Debug|Any CPU
		{44090E1B-36A8-4755-9BB1-4DCC0BCDD020}.Debug|x64.ActiveCfg = Debug|Any CPU
		{44090E1B-36A8-4755-9BB1-4DCC0BCDD020}.Debug|x64.Build.0 = Debug|Any CPU
		{44090E1B-36A8-4755-9BB1-4DCC0BCDD020}.Debug|x86.ActiveCfg = Debug|Any CPU
		{44090E1B-36A8-4755-9BB1-4DCC0BCDD020}.Debug|x86.Build.0 = Debug|Any CPU
		{44090E1B-36A8-4755-9BB1-4DCC0BCDD020}.Release|Any CPU.ActiveCfg = Release|Any CPU
		{44090E1B-36A8-4755-9BB1-4DCC0BCDD020}.Release|Any CPU.Build.0 = Release|Any CPU
		{44090E1B-36A8-4755-9BB1-4DCC0BCDD020}.Release|x64.ActiveCfg = Release|Any CPU
		{44090E1B-36A8-4755-9BB1-4DCC0BCDD020}.Release|x64.Build.0 = Release|Any CPU
		{44090E1B-36A8-4755-9BB1-4DCC0BCDD020}.Release|x86.ActiveCfg = Release|Any CPU
		{44090E1B-36A8-4755-9BB1-4DCC0BCDD020}.Release|x86.Build.0 = Release|Any CPU
		{1A786E4D-C59C-4525-AD5F-C82B7799A986}.Debug|Any CPU.ActiveCfg = Debug|Any CPU
		{1A786E4D-C59C-4525-AD5F-C82B7799A986}.Debug|Any CPU.Build.0 = Debug|Any CPU
		{1A786E4D-C59C-4525-AD5F-C82B7799A986}.Debug|x64.ActiveCfg = Debug|Any CPU
		{1A786E4D-C59C-4525-AD5F-C82B7799A986}.Debug|x64.Build.0 = Debug|Any CPU
		{1A786E4D-C59C-4525-AD5F-C82B7799A986}.Debug|x86.ActiveCfg = Debug|Any CPU
		{1A786E4D-C59C-4525-AD5F-C82B7799A986}.Debug|x86.Build.0 = Debug|Any CPU
		{1A786E4D-C59C-4525-AD5F-C82B7799A986}.Release|Any CPU.ActiveCfg = Release|Any CPU
		{1A786E4D-C59C-4525-AD5F-C82B7799A986}.Release|Any CPU.Build.0 = Release|Any CPU
		{1A786E4D-C59C-4525-AD5F-C82B7799A986}.Release|x64.ActiveCfg = Release|Any CPU
		{1A786E4D-C59C-4525-AD5F-C82B7799A986}.Release|x64.Build.0 = Release|Any CPU
		{1A786E4D-C59C-4525-AD5F-C82B7799A986}.Release|x86.ActiveCfg = Release|Any CPU
		{1A786E4D-C59C-4525-AD5F-C82B7799A986}.Release|x86.Build.0 = Release|Any CPU
		{84183701-51A1-469C-8088-1B9E9CD8DCFE}.Debug|Any CPU.ActiveCfg = Debug|Any CPU
		{84183701-51A1-469C-8088-1B9E9CD8DCFE}.Debug|Any CPU.Build.0 = Debug|Any CPU
		{84183701-51A1-469C-8088-1B9E9CD8DCFE}.Debug|x64.ActiveCfg = Debug|Any CPU
		{84183701-51A1-469C-8088-1B9E9CD8DCFE}.Debug|x64.Build.0 = Debug|Any CPU
		{84183701-51A1-469C-8088-1B9E9CD8DCFE}.Debug|x86.ActiveCfg = Debug|Any CPU
		{84183701-51A1-469C-8088-1B9E9CD8DCFE}.Debug|x86.Build.0 = Debug|Any CPU
		{84183701-51A1-469C-8088-1B9E9CD8DCFE}.Release|Any CPU.ActiveCfg = Release|Any CPU
		{84183701-51A1-469C-8088-1B9E9CD8DCFE}.Release|Any CPU.Build.0 = Release|Any CPU
		{84183701-51A1-469C-8088-1B9E9CD8DCFE}.Release|x64.ActiveCfg = Release|Any CPU
		{84183701-51A1-469C-8088-1B9E9CD8DCFE}.Release|x64.Build.0 = Release|Any CPU
		{84183701-51A1-469C-8088-1B9E9CD8DCFE}.Release|x86.ActiveCfg = Release|Any CPU
		{84183701-51A1-469C-8088-1B9E9CD8DCFE}.Release|x86.Build.0 = Release|Any CPU
	EndGlobalSection
	GlobalSection(SolutionProperties) = preSolution
		HideSolutionNode = FALSE
	EndGlobalSection
	GlobalSection(NestedProjects) = preSolution
		{63FD9C99-C538-44BF-9AD4-D892775E336B} = {3C549079-A502-4B40-B051-5278915AE91B}
		{887A9E11-12C3-4EB9-81CB-EB11EE27860B} = {E14F66D1-EA3E-40C6-835A-91A4382D4646}
		{CE1159B9-F763-4C32-828A-77529A820415} = {E14F66D1-EA3E-40C6-835A-91A4382D4646}
		{FB30F557-D861-428B-A05D-49AE57F00EA4} = {B2A776DB-385B-4AD4-96A5-61746FD909C3}
		{8A1331D1-BAC3-4DD9-B16E-BB04BEE46D0A} = {3C549079-A502-4B40-B051-5278915AE91B}
		{93B5A99A-B7D8-4412-A801-BE6572157CFA} = {B2A776DB-385B-4AD4-96A5-61746FD909C3}
		{F01EA18D-DAA2-41A3-B6B4-5F7B185C3525} = {439382D9-7230-4AD0-A82F-956020041BDD}
		{7ACD3916-576B-4C5F-B2A9-4617535E95ED} = {E14F66D1-EA3E-40C6-835A-91A4382D4646}
		{E2D87CB5-8F05-4629-84FF-4B44CF86EDA4} = {3C549079-A502-4B40-B051-5278915AE91B}
		{E1305546-C5C3-4D10-A0AD-F81DF057B2E2} = {E14F66D1-EA3E-40C6-835A-91A4382D4646}
		{399929C6-47FF-4A45-9BEA-B70FFC1EDE69} = {E14F66D1-EA3E-40C6-835A-91A4382D4646}
		{B37CA136-3F20-4D8A-9677-E3A9C9D893EF} = {E14F66D1-EA3E-40C6-835A-91A4382D4646}
		{D8757F0F-254E-495F-961F-0192F8C97E3F} = {E14F66D1-EA3E-40C6-835A-91A4382D4646}
		{CBB98134-92F5-487D-8CA3-84C19FF46775} = {E14F66D1-EA3E-40C6-835A-91A4382D4646}
		{7E6EA8BA-EE8B-450E-AE89-C4604C0DD326} = {E14F66D1-EA3E-40C6-835A-91A4382D4646}
		{BC21ADB7-F2CA-44F0-B6ED-0405E1EFFFA3} = {7E6EA8BA-EE8B-450E-AE89-C4604C0DD326}
		{4E69FCF6-AE76-4F6D-98B8-969E9D244AE4} = {7E6EA8BA-EE8B-450E-AE89-C4604C0DD326}
		{44090E1B-36A8-4755-9BB1-4DCC0BCDD020} = {E14F66D1-EA3E-40C6-835A-91A4382D4646}
		{1A786E4D-C59C-4525-AD5F-C82B7799A986} = {E14F66D1-EA3E-40C6-835A-91A4382D4646}
		{84183701-51A1-469C-8088-1B9E9CD8DCFE} = {3C549079-A502-4B40-B051-5278915AE91B}
	EndGlobalSection
	GlobalSection(ExtensibilityGlobals) = postSolution
		SolutionGuid = {3DAD5980-4688-4794-9CF0-6F3CB67194E7}
	EndGlobalSection
EndGlobal
