
Microsoft Visual Studio Solution File, Format Version 12.00
# 17
VisualStudioVersion = 17.9.34414.90
MinimumVisualStudioVersion = 15.0.26124.0
Project("{9A19103F-16F7-4668-BE54-9A1E7A4F7556}") = "Duende.Bff", "src\Duende.Bff\Duende.Bff.csproj", "{63FD9C99-C538-44BF-9AD4-D892775E336B}"
EndProject
Project("{2150E333-8FDC-42A3-9474-1A3956D46DE8}") = "src", "src", "{3C549079-A502-4B40-B051-5278915AE91B}"
EndProject
Project("{2150E333-8FDC-42A3-9474-1A3956D46DE8}") = "samples", "samples", "{E14F66D1-EA3E-40C6-835A-91A4382D4646}"
EndProject
Project("{9A19103F-16F7-4668-BE54-9A1E7A4F7556}") = "IdentityServer", "samples\IdentityServer\IdentityServer.csproj", "{CE1159B9-F763-4C32-828A-77529A820415}"
EndProject
Project("{2150E333-8FDC-42A3-9474-1A3956D46DE8}") = "test", "test", "{B2A776DB-385B-4AD4-96A5-61746FD909C3}"
EndProject
Project("{9A19103F-16F7-4668-BE54-9A1E7A4F7556}") = "Duende.Bff.Tests", "test\Duende.Bff.Tests\Duende.Bff.Tests.csproj", "{FB30F557-D861-428B-A05D-49AE57F00EA4}"
EndProject
Project("{9A19103F-16F7-4668-BE54-9A1E7A4F7556}") = "Duende.Bff.EntityFramework", "src\Duende.Bff.EntityFramework\Duende.Bff.EntityFramework.csproj", "{8A1331D1-BAC3-4DD9-B16E-BB04BEE46D0A}"
EndProject
Project("{9A19103F-16F7-4668-BE54-9A1E7A4F7556}") = "Duende.Bff.EntityFramework.Tests", "test\Duende.Bff.EntityFramework.Tests\Duende.Bff.EntityFramework.Tests.csproj", "{93B5A99A-B7D8-4412-A801-BE6572157CFA}"
EndProject
Project("{2150E333-8FDC-42A3-9474-1A3956D46DE8}") = "migrations", "migrations", "{439382D9-7230-4AD0-A82F-956020041BDD}"
EndProject
Project("{9A19103F-16F7-4668-BE54-9A1E7A4F7556}") = "UserSessionDb", "migrations\UserSessionDb\UserSessionDb.csproj", "{F01EA18D-DAA2-41A3-B6B4-5F7B185C3525}"
EndProject
Project("{9A19103F-16F7-4668-BE54-9A1E7A4F7556}") = "Duende.Bff.Yarp", "src\Duende.Bff.Yarp\Duende.Bff.Yarp.csproj", "{E2D87CB5-8F05-4629-84FF-4B44CF86EDA4}"
EndProject
Project("{9A19103F-16F7-4668-BE54-9A1E7A4F7556}") = "Bff", "samples\Bff\Bff.csproj", "{B37CA136-3F20-4D8A-9677-E3A9C9D893EF}"
EndProject
Project("{9A19103F-16F7-4668-BE54-9A1E7A4F7556}") = "Bff.DPoP", "samples\Bff.DPoP\Bff.DPoP.csproj", "{D8757F0F-254E-495F-961F-0192F8C97E3F}"
EndProject
Project("{9A19103F-16F7-4668-BE54-9A1E7A4F7556}") = "Bff.EF", "samples\Bff.EF\Bff.EF.csproj", "{CBB98134-92F5-487D-8CA3-84C19FF46775}"
EndProject
Project("{9A19103F-16F7-4668-BE54-9A1E7A4F7556}") = "Duende.Bff.Blazor", "src\Duende.Bff.Blazor\Duende.Bff.Blazor.csproj", "{E02DF032-C17F-4D0C-9CAA-3BD3CC9E4F84}"
EndProject
Project("{9A19103F-16F7-4668-BE54-9A1E7A4F7556}") = "Duende.Bff.Blazor.Client", "src\Duende.Bff.Blazor.Client\Duende.Bff.Blazor.Client.csproj", "{DDB9C401-6B1F-4727-A4CB-932034FBF94E}"
EndProject
Project("{2150E333-8FDC-42A3-9474-1A3956D46DE8}") = "Apis", "Apis", "{9C2A66C4-D695-4159-9F80-8BCE03303758}"
EndProject
Project("{9A19103F-16F7-4668-BE54-9A1E7A4F7556}") = "Api", "samples\Apis\Api\Api.csproj", "{E6D2B82A-023E-4B8C-9E21-B924C9C918AD}"
EndProject
Project("{9A19103F-16F7-4668-BE54-9A1E7A4F7556}") = "Api.Isolated", "samples\Apis\Api.Isolated\Api.Isolated.csproj", "{D63F8FA3-A0BD-43CA-ABA0-81DBF98646DF}"
EndProject
Project("{9A19103F-16F7-4668-BE54-9A1E7A4F7556}") = "Api.DPoP", "samples\Apis\Api.DPoP\Api.DPoP.csproj", "{AAAAE630-8218-4769-9686-5BA07D043D0C}"
EndProject
Project("{2150E333-8FDC-42A3-9474-1A3956D46DE8}") = "Blazor", "Blazor", "{F60AD9DD-A9AB-4181-8DBA-6A3D641D0398}"
EndProject
Project("{2150E333-8FDC-42A3-9474-1A3956D46DE8}") = "WebAssembly", "WebAssembly", "{0811690F-9155-44BF-A116-647834E28FF3}"
EndProject
Project("{9A19103F-16F7-4668-BE54-9A1E7A4F7556}") = "WebAssembly", "samples\Blazor\WebAssembly\WebAssembly\WebAssembly.csproj", "{DA867CC2-89FB-467C-8005-41AF388F12E3}"
EndProject
Project("{9A19103F-16F7-4668-BE54-9A1E7A4F7556}") = "WebAssembly.Client", "samples\Blazor\WebAssembly\WebAssembly.Client\WebAssembly.Client.csproj", "{B8998F8F-A753-49BB-A168-4DF18B6049AD}"
EndProject
Project("{2150E333-8FDC-42A3-9474-1A3956D46DE8}") = "PerComponent", "PerComponent", "{8A0FCD30-A6D9-4622-B4D5-90010DE0795E}"
EndProject
Project("{9A19103F-16F7-4668-BE54-9A1E7A4F7556}") = "PerComponent", "samples\Blazor\PerComponent\PerComponent\PerComponent.csproj", "{CA4A9971-654A-4852-8FEB-81414952CF5B}"
EndProject
Project("{9A19103F-16F7-4668-BE54-9A1E7A4F7556}") = "PerComponent.Client", "samples\Blazor\PerComponent\PerComponent.Client\PerComponent.Client.csproj", "{40EDC041-C262-414C-B374-631BF2D1BD97}"
EndProject
Project("{9A19103F-16F7-4668-BE54-9A1E7A4F7556}") = "Duende.Bff.Blazor.Client.UnitTests", "test\Duende.Bff.Blazor.Client.UnitTests\Duende.Bff.Blazor.Client.UnitTests.csproj", "{001840D4-8B83-4A8C-AF2C-5429D4F9A370}"
EndProject
Project("{9A19103F-16F7-4668-BE54-9A1E7A4F7556}") = "Duende.Bff.Blazor.UnitTests", "test\Duende.Bff.Blazor.UnitTests\Duende.Bff.Blazor.UnitTests.csproj", "{2A04808A-A06C-4F10-87B9-2D12E065F729}"
EndProject
Global
	GlobalSection(SolutionConfigurationPlatforms) = preSolution
		Debug|Any CPU = Debug|Any CPU
		Debug|x64 = Debug|x64
		Debug|x86 = Debug|x86
		Release|Any CPU = Release|Any CPU
		Release|x64 = Release|x64
		Release|x86 = Release|x86
	EndGlobalSection
	GlobalSection(ProjectConfigurationPlatforms) = postSolution
		{63FD9C99-C538-44BF-9AD4-D892775E336B}.Debug|Any CPU.ActiveCfg = Debug|Any CPU
		{63FD9C99-C538-44BF-9AD4-D892775E336B}.Debug|Any CPU.Build.0 = Debug|Any CPU
		{63FD9C99-C538-44BF-9AD4-D892775E336B}.Debug|x64.ActiveCfg = Debug|Any CPU
		{63FD9C99-C538-44BF-9AD4-D892775E336B}.Debug|x64.Build.0 = Debug|Any CPU
		{63FD9C99-C538-44BF-9AD4-D892775E336B}.Debug|x86.ActiveCfg = Debug|Any CPU
		{63FD9C99-C538-44BF-9AD4-D892775E336B}.Debug|x86.Build.0 = Debug|Any CPU
		{63FD9C99-C538-44BF-9AD4-D892775E336B}.Release|Any CPU.ActiveCfg = Release|Any CPU
		{63FD9C99-C538-44BF-9AD4-D892775E336B}.Release|Any CPU.Build.0 = Release|Any CPU
		{63FD9C99-C538-44BF-9AD4-D892775E336B}.Release|x64.ActiveCfg = Release|Any CPU
		{63FD9C99-C538-44BF-9AD4-D892775E336B}.Release|x64.Build.0 = Release|Any CPU
		{63FD9C99-C538-44BF-9AD4-D892775E336B}.Release|x86.ActiveCfg = Release|Any CPU
		{63FD9C99-C538-44BF-9AD4-D892775E336B}.Release|x86.Build.0 = Release|Any CPU
		{CE1159B9-F763-4C32-828A-77529A820415}.Debug|Any CPU.ActiveCfg = Debug|Any CPU
		{CE1159B9-F763-4C32-828A-77529A820415}.Debug|Any CPU.Build.0 = Debug|Any CPU
		{CE1159B9-F763-4C32-828A-77529A820415}.Debug|x64.ActiveCfg = Debug|Any CPU
		{CE1159B9-F763-4C32-828A-77529A820415}.Debug|x64.Build.0 = Debug|Any CPU
		{CE1159B9-F763-4C32-828A-77529A820415}.Debug|x86.ActiveCfg = Debug|Any CPU
		{CE1159B9-F763-4C32-828A-77529A820415}.Debug|x86.Build.0 = Debug|Any CPU
		{CE1159B9-F763-4C32-828A-77529A820415}.Release|Any CPU.ActiveCfg = Release|Any CPU
		{CE1159B9-F763-4C32-828A-77529A820415}.Release|Any CPU.Build.0 = Release|Any CPU
		{CE1159B9-F763-4C32-828A-77529A820415}.Release|x64.ActiveCfg = Release|Any CPU
		{CE1159B9-F763-4C32-828A-77529A820415}.Release|x64.Build.0 = Release|Any CPU
		{CE1159B9-F763-4C32-828A-77529A820415}.Release|x86.ActiveCfg = Release|Any CPU
		{CE1159B9-F763-4C32-828A-77529A820415}.Release|x86.Build.0 = Release|Any CPU
		{FB30F557-D861-428B-A05D-49AE57F00EA4}.Debug|Any CPU.ActiveCfg = Debug|Any CPU
		{FB30F557-D861-428B-A05D-49AE57F00EA4}.Debug|Any CPU.Build.0 = Debug|Any CPU
		{FB30F557-D861-428B-A05D-49AE57F00EA4}.Debug|x64.ActiveCfg = Debug|Any CPU
		{FB30F557-D861-428B-A05D-49AE57F00EA4}.Debug|x64.Build.0 = Debug|Any CPU
		{FB30F557-D861-428B-A05D-49AE57F00EA4}.Debug|x86.ActiveCfg = Debug|Any CPU
		{FB30F557-D861-428B-A05D-49AE57F00EA4}.Debug|x86.Build.0 = Debug|Any CPU
		{FB30F557-D861-428B-A05D-49AE57F00EA4}.Release|Any CPU.ActiveCfg = Release|Any CPU
		{FB30F557-D861-428B-A05D-49AE57F00EA4}.Release|Any CPU.Build.0 = Release|Any CPU
		{FB30F557-D861-428B-A05D-49AE57F00EA4}.Release|x64.ActiveCfg = Release|Any CPU
		{FB30F557-D861-428B-A05D-49AE57F00EA4}.Release|x64.Build.0 = Release|Any CPU
		{FB30F557-D861-428B-A05D-49AE57F00EA4}.Release|x86.ActiveCfg = Release|Any CPU
		{FB30F557-D861-428B-A05D-49AE57F00EA4}.Release|x86.Build.0 = Release|Any CPU
		{8A1331D1-BAC3-4DD9-B16E-BB04BEE46D0A}.Debug|Any CPU.ActiveCfg = Debug|Any CPU
		{8A1331D1-BAC3-4DD9-B16E-BB04BEE46D0A}.Debug|Any CPU.Build.0 = Debug|Any CPU
		{8A1331D1-BAC3-4DD9-B16E-BB04BEE46D0A}.Debug|x64.ActiveCfg = Debug|Any CPU
		{8A1331D1-BAC3-4DD9-B16E-BB04BEE46D0A}.Debug|x64.Build.0 = Debug|Any CPU
		{8A1331D1-BAC3-4DD9-B16E-BB04BEE46D0A}.Debug|x86.ActiveCfg = Debug|Any CPU
		{8A1331D1-BAC3-4DD9-B16E-BB04BEE46D0A}.Debug|x86.Build.0 = Debug|Any CPU
		{8A1331D1-BAC3-4DD9-B16E-BB04BEE46D0A}.Release|Any CPU.ActiveCfg = Release|Any CPU
		{8A1331D1-BAC3-4DD9-B16E-BB04BEE46D0A}.Release|Any CPU.Build.0 = Release|Any CPU
		{8A1331D1-BAC3-4DD9-B16E-BB04BEE46D0A}.Release|x64.ActiveCfg = Release|Any CPU
		{8A1331D1-BAC3-4DD9-B16E-BB04BEE46D0A}.Release|x64.Build.0 = Release|Any CPU
		{8A1331D1-BAC3-4DD9-B16E-BB04BEE46D0A}.Release|x86.ActiveCfg = Release|Any CPU
		{8A1331D1-BAC3-4DD9-B16E-BB04BEE46D0A}.Release|x86.Build.0 = Release|Any CPU
		{93B5A99A-B7D8-4412-A801-BE6572157CFA}.Debug|Any CPU.ActiveCfg = Debug|Any CPU
		{93B5A99A-B7D8-4412-A801-BE6572157CFA}.Debug|Any CPU.Build.0 = Debug|Any CPU
		{93B5A99A-B7D8-4412-A801-BE6572157CFA}.Debug|x64.ActiveCfg = Debug|Any CPU
		{93B5A99A-B7D8-4412-A801-BE6572157CFA}.Debug|x64.Build.0 = Debug|Any CPU
		{93B5A99A-B7D8-4412-A801-BE6572157CFA}.Debug|x86.ActiveCfg = Debug|Any CPU
		{93B5A99A-B7D8-4412-A801-BE6572157CFA}.Debug|x86.Build.0 = Debug|Any CPU
		{93B5A99A-B7D8-4412-A801-BE6572157CFA}.Release|Any CPU.ActiveCfg = Release|Any CPU
		{93B5A99A-B7D8-4412-A801-BE6572157CFA}.Release|Any CPU.Build.0 = Release|Any CPU
		{93B5A99A-B7D8-4412-A801-BE6572157CFA}.Release|x64.ActiveCfg = Release|Any CPU
		{93B5A99A-B7D8-4412-A801-BE6572157CFA}.Release|x64.Build.0 = Release|Any CPU
		{93B5A99A-B7D8-4412-A801-BE6572157CFA}.Release|x86.ActiveCfg = Release|Any CPU
		{93B5A99A-B7D8-4412-A801-BE6572157CFA}.Release|x86.Build.0 = Release|Any CPU
		{F01EA18D-DAA2-41A3-B6B4-5F7B185C3525}.Debug|Any CPU.ActiveCfg = Debug|Any CPU
		{F01EA18D-DAA2-41A3-B6B4-5F7B185C3525}.Debug|Any CPU.Build.0 = Debug|Any CPU
		{F01EA18D-DAA2-41A3-B6B4-5F7B185C3525}.Debug|x64.ActiveCfg = Debug|Any CPU
		{F01EA18D-DAA2-41A3-B6B4-5F7B185C3525}.Debug|x64.Build.0 = Debug|Any CPU
		{F01EA18D-DAA2-41A3-B6B4-5F7B185C3525}.Debug|x86.ActiveCfg = Debug|Any CPU
		{F01EA18D-DAA2-41A3-B6B4-5F7B185C3525}.Debug|x86.Build.0 = Debug|Any CPU
		{F01EA18D-DAA2-41A3-B6B4-5F7B185C3525}.Release|Any CPU.ActiveCfg = Release|Any CPU
		{F01EA18D-DAA2-41A3-B6B4-5F7B185C3525}.Release|Any CPU.Build.0 = Release|Any CPU
		{F01EA18D-DAA2-41A3-B6B4-5F7B185C3525}.Release|x64.ActiveCfg = Release|Any CPU
		{F01EA18D-DAA2-41A3-B6B4-5F7B185C3525}.Release|x64.Build.0 = Release|Any CPU
		{F01EA18D-DAA2-41A3-B6B4-5F7B185C3525}.Release|x86.ActiveCfg = Release|Any CPU
		{F01EA18D-DAA2-41A3-B6B4-5F7B185C3525}.Release|x86.Build.0 = Release|Any CPU
		{E2D87CB5-8F05-4629-84FF-4B44CF86EDA4}.Debug|Any CPU.ActiveCfg = Debug|Any CPU
		{E2D87CB5-8F05-4629-84FF-4B44CF86EDA4}.Debug|Any CPU.Build.0 = Debug|Any CPU
		{E2D87CB5-8F05-4629-84FF-4B44CF86EDA4}.Debug|x64.ActiveCfg = Debug|Any CPU
		{E2D87CB5-8F05-4629-84FF-4B44CF86EDA4}.Debug|x64.Build.0 = Debug|Any CPU
		{E2D87CB5-8F05-4629-84FF-4B44CF86EDA4}.Debug|x86.ActiveCfg = Debug|Any CPU
		{E2D87CB5-8F05-4629-84FF-4B44CF86EDA4}.Debug|x86.Build.0 = Debug|Any CPU
		{E2D87CB5-8F05-4629-84FF-4B44CF86EDA4}.Release|Any CPU.ActiveCfg = Release|Any CPU
		{E2D87CB5-8F05-4629-84FF-4B44CF86EDA4}.Release|Any CPU.Build.0 = Release|Any CPU
		{E2D87CB5-8F05-4629-84FF-4B44CF86EDA4}.Release|x64.ActiveCfg = Release|Any CPU
		{E2D87CB5-8F05-4629-84FF-4B44CF86EDA4}.Release|x64.Build.0 = Release|Any CPU
		{E2D87CB5-8F05-4629-84FF-4B44CF86EDA4}.Release|x86.ActiveCfg = Release|Any CPU
		{E2D87CB5-8F05-4629-84FF-4B44CF86EDA4}.Release|x86.Build.0 = Release|Any CPU
		{B37CA136-3F20-4D8A-9677-E3A9C9D893EF}.Debug|Any CPU.ActiveCfg = Debug|Any CPU
		{B37CA136-3F20-4D8A-9677-E3A9C9D893EF}.Debug|Any CPU.Build.0 = Debug|Any CPU
		{B37CA136-3F20-4D8A-9677-E3A9C9D893EF}.Debug|x64.ActiveCfg = Debug|Any CPU
		{B37CA136-3F20-4D8A-9677-E3A9C9D893EF}.Debug|x64.Build.0 = Debug|Any CPU
		{B37CA136-3F20-4D8A-9677-E3A9C9D893EF}.Debug|x86.ActiveCfg = Debug|Any CPU
		{B37CA136-3F20-4D8A-9677-E3A9C9D893EF}.Debug|x86.Build.0 = Debug|Any CPU
		{B37CA136-3F20-4D8A-9677-E3A9C9D893EF}.Release|Any CPU.ActiveCfg = Release|Any CPU
		{B37CA136-3F20-4D8A-9677-E3A9C9D893EF}.Release|Any CPU.Build.0 = Release|Any CPU
		{B37CA136-3F20-4D8A-9677-E3A9C9D893EF}.Release|x64.ActiveCfg = Release|Any CPU
		{B37CA136-3F20-4D8A-9677-E3A9C9D893EF}.Release|x64.Build.0 = Release|Any CPU
		{B37CA136-3F20-4D8A-9677-E3A9C9D893EF}.Release|x86.ActiveCfg = Release|Any CPU
		{B37CA136-3F20-4D8A-9677-E3A9C9D893EF}.Release|x86.Build.0 = Release|Any CPU
		{D8757F0F-254E-495F-961F-0192F8C97E3F}.Debug|Any CPU.ActiveCfg = Debug|Any CPU
		{D8757F0F-254E-495F-961F-0192F8C97E3F}.Debug|Any CPU.Build.0 = Debug|Any CPU
		{D8757F0F-254E-495F-961F-0192F8C97E3F}.Debug|x64.ActiveCfg = Debug|Any CPU
		{D8757F0F-254E-495F-961F-0192F8C97E3F}.Debug|x64.Build.0 = Debug|Any CPU
		{D8757F0F-254E-495F-961F-0192F8C97E3F}.Debug|x86.ActiveCfg = Debug|Any CPU
		{D8757F0F-254E-495F-961F-0192F8C97E3F}.Debug|x86.Build.0 = Debug|Any CPU
		{D8757F0F-254E-495F-961F-0192F8C97E3F}.Release|Any CPU.ActiveCfg = Release|Any CPU
		{D8757F0F-254E-495F-961F-0192F8C97E3F}.Release|Any CPU.Build.0 = Release|Any CPU
		{D8757F0F-254E-495F-961F-0192F8C97E3F}.Release|x64.ActiveCfg = Release|Any CPU
		{D8757F0F-254E-495F-961F-0192F8C97E3F}.Release|x64.Build.0 = Release|Any CPU
		{D8757F0F-254E-495F-961F-0192F8C97E3F}.Release|x86.ActiveCfg = Release|Any CPU
		{D8757F0F-254E-495F-961F-0192F8C97E3F}.Release|x86.Build.0 = Release|Any CPU
		{CBB98134-92F5-487D-8CA3-84C19FF46775}.Debug|Any CPU.ActiveCfg = Debug|Any CPU
		{CBB98134-92F5-487D-8CA3-84C19FF46775}.Debug|Any CPU.Build.0 = Debug|Any CPU
		{CBB98134-92F5-487D-8CA3-84C19FF46775}.Debug|x64.ActiveCfg = Debug|Any CPU
		{CBB98134-92F5-487D-8CA3-84C19FF46775}.Debug|x64.Build.0 = Debug|Any CPU
		{CBB98134-92F5-487D-8CA3-84C19FF46775}.Debug|x86.ActiveCfg = Debug|Any CPU
		{CBB98134-92F5-487D-8CA3-84C19FF46775}.Debug|x86.Build.0 = Debug|Any CPU
		{CBB98134-92F5-487D-8CA3-84C19FF46775}.Release|Any CPU.ActiveCfg = Release|Any CPU
		{CBB98134-92F5-487D-8CA3-84C19FF46775}.Release|Any CPU.Build.0 = Release|Any CPU
		{CBB98134-92F5-487D-8CA3-84C19FF46775}.Release|x64.ActiveCfg = Release|Any CPU
		{CBB98134-92F5-487D-8CA3-84C19FF46775}.Release|x64.Build.0 = Release|Any CPU
		{CBB98134-92F5-487D-8CA3-84C19FF46775}.Release|x86.ActiveCfg = Release|Any CPU
		{CBB98134-92F5-487D-8CA3-84C19FF46775}.Release|x86.Build.0 = Release|Any CPU
		{E02DF032-C17F-4D0C-9CAA-3BD3CC9E4F84}.Debug|Any CPU.ActiveCfg = Debug|Any CPU
		{E02DF032-C17F-4D0C-9CAA-3BD3CC9E4F84}.Debug|Any CPU.Build.0 = Debug|Any CPU
		{E02DF032-C17F-4D0C-9CAA-3BD3CC9E4F84}.Debug|x64.ActiveCfg = Debug|Any CPU
		{E02DF032-C17F-4D0C-9CAA-3BD3CC9E4F84}.Debug|x64.Build.0 = Debug|Any CPU
		{E02DF032-C17F-4D0C-9CAA-3BD3CC9E4F84}.Debug|x86.ActiveCfg = Debug|Any CPU
		{E02DF032-C17F-4D0C-9CAA-3BD3CC9E4F84}.Debug|x86.Build.0 = Debug|Any CPU
		{E02DF032-C17F-4D0C-9CAA-3BD3CC9E4F84}.Release|Any CPU.ActiveCfg = Release|Any CPU
		{E02DF032-C17F-4D0C-9CAA-3BD3CC9E4F84}.Release|Any CPU.Build.0 = Release|Any CPU
		{E02DF032-C17F-4D0C-9CAA-3BD3CC9E4F84}.Release|x64.ActiveCfg = Release|Any CPU
		{E02DF032-C17F-4D0C-9CAA-3BD3CC9E4F84}.Release|x64.Build.0 = Release|Any CPU
		{E02DF032-C17F-4D0C-9CAA-3BD3CC9E4F84}.Release|x86.ActiveCfg = Release|Any CPU
		{E02DF032-C17F-4D0C-9CAA-3BD3CC9E4F84}.Release|x86.Build.0 = Release|Any CPU
		{DDB9C401-6B1F-4727-A4CB-932034FBF94E}.Debug|Any CPU.ActiveCfg = Debug|Any CPU
		{DDB9C401-6B1F-4727-A4CB-932034FBF94E}.Debug|Any CPU.Build.0 = Debug|Any CPU
		{DDB9C401-6B1F-4727-A4CB-932034FBF94E}.Debug|x64.ActiveCfg = Debug|Any CPU
		{DDB9C401-6B1F-4727-A4CB-932034FBF94E}.Debug|x64.Build.0 = Debug|Any CPU
		{DDB9C401-6B1F-4727-A4CB-932034FBF94E}.Debug|x86.ActiveCfg = Debug|Any CPU
		{DDB9C401-6B1F-4727-A4CB-932034FBF94E}.Debug|x86.Build.0 = Debug|Any CPU
		{DDB9C401-6B1F-4727-A4CB-932034FBF94E}.Release|Any CPU.ActiveCfg = Release|Any CPU
		{DDB9C401-6B1F-4727-A4CB-932034FBF94E}.Release|Any CPU.Build.0 = Release|Any CPU
		{DDB9C401-6B1F-4727-A4CB-932034FBF94E}.Release|x64.ActiveCfg = Release|Any CPU
		{DDB9C401-6B1F-4727-A4CB-932034FBF94E}.Release|x64.Build.0 = Release|Any CPU
		{DDB9C401-6B1F-4727-A4CB-932034FBF94E}.Release|x86.ActiveCfg = Release|Any CPU
		{DDB9C401-6B1F-4727-A4CB-932034FBF94E}.Release|x86.Build.0 = Release|Any CPU
		{E6D2B82A-023E-4B8C-9E21-B924C9C918AD}.Debug|Any CPU.ActiveCfg = Debug|Any CPU
		{E6D2B82A-023E-4B8C-9E21-B924C9C918AD}.Debug|Any CPU.Build.0 = Debug|Any CPU
		{E6D2B82A-023E-4B8C-9E21-B924C9C918AD}.Debug|x64.ActiveCfg = Debug|Any CPU
		{E6D2B82A-023E-4B8C-9E21-B924C9C918AD}.Debug|x64.Build.0 = Debug|Any CPU
		{E6D2B82A-023E-4B8C-9E21-B924C9C918AD}.Debug|x86.ActiveCfg = Debug|Any CPU
		{E6D2B82A-023E-4B8C-9E21-B924C9C918AD}.Debug|x86.Build.0 = Debug|Any CPU
		{E6D2B82A-023E-4B8C-9E21-B924C9C918AD}.Release|Any CPU.ActiveCfg = Release|Any CPU
		{E6D2B82A-023E-4B8C-9E21-B924C9C918AD}.Release|Any CPU.Build.0 = Release|Any CPU
		{E6D2B82A-023E-4B8C-9E21-B924C9C918AD}.Release|x64.ActiveCfg = Release|Any CPU
		{E6D2B82A-023E-4B8C-9E21-B924C9C918AD}.Release|x64.Build.0 = Release|Any CPU
		{E6D2B82A-023E-4B8C-9E21-B924C9C918AD}.Release|x86.ActiveCfg = Release|Any CPU
		{E6D2B82A-023E-4B8C-9E21-B924C9C918AD}.Release|x86.Build.0 = Release|Any CPU
		{D63F8FA3-A0BD-43CA-ABA0-81DBF98646DF}.Debug|Any CPU.ActiveCfg = Debug|Any CPU
		{D63F8FA3-A0BD-43CA-ABA0-81DBF98646DF}.Debug|Any CPU.Build.0 = Debug|Any CPU
		{D63F8FA3-A0BD-43CA-ABA0-81DBF98646DF}.Debug|x64.ActiveCfg = Debug|Any CPU
		{D63F8FA3-A0BD-43CA-ABA0-81DBF98646DF}.Debug|x64.Build.0 = Debug|Any CPU
		{D63F8FA3-A0BD-43CA-ABA0-81DBF98646DF}.Debug|x86.ActiveCfg = Debug|Any CPU
		{D63F8FA3-A0BD-43CA-ABA0-81DBF98646DF}.Debug|x86.Build.0 = Debug|Any CPU
		{D63F8FA3-A0BD-43CA-ABA0-81DBF98646DF}.Release|Any CPU.ActiveCfg = Release|Any CPU
		{D63F8FA3-A0BD-43CA-ABA0-81DBF98646DF}.Release|Any CPU.Build.0 = Release|Any CPU
		{D63F8FA3-A0BD-43CA-ABA0-81DBF98646DF}.Release|x64.ActiveCfg = Release|Any CPU
		{D63F8FA3-A0BD-43CA-ABA0-81DBF98646DF}.Release|x64.Build.0 = Release|Any CPU
		{D63F8FA3-A0BD-43CA-ABA0-81DBF98646DF}.Release|x86.ActiveCfg = Release|Any CPU
		{D63F8FA3-A0BD-43CA-ABA0-81DBF98646DF}.Release|x86.Build.0 = Release|Any CPU
		{AAAAE630-8218-4769-9686-5BA07D043D0C}.Debug|Any CPU.ActiveCfg = Debug|Any CPU
		{AAAAE630-8218-4769-9686-5BA07D043D0C}.Debug|Any CPU.Build.0 = Debug|Any CPU
		{AAAAE630-8218-4769-9686-5BA07D043D0C}.Debug|x64.ActiveCfg = Debug|Any CPU
		{AAAAE630-8218-4769-9686-5BA07D043D0C}.Debug|x64.Build.0 = Debug|Any CPU
		{AAAAE630-8218-4769-9686-5BA07D043D0C}.Debug|x86.ActiveCfg = Debug|Any CPU
		{AAAAE630-8218-4769-9686-5BA07D043D0C}.Debug|x86.Build.0 = Debug|Any CPU
		{AAAAE630-8218-4769-9686-5BA07D043D0C}.Release|Any CPU.ActiveCfg = Release|Any CPU
		{AAAAE630-8218-4769-9686-5BA07D043D0C}.Release|Any CPU.Build.0 = Release|Any CPU
		{AAAAE630-8218-4769-9686-5BA07D043D0C}.Release|x64.ActiveCfg = Release|Any CPU
		{AAAAE630-8218-4769-9686-5BA07D043D0C}.Release|x64.Build.0 = Release|Any CPU
		{AAAAE630-8218-4769-9686-5BA07D043D0C}.Release|x86.ActiveCfg = Release|Any CPU
		{AAAAE630-8218-4769-9686-5BA07D043D0C}.Release|x86.Build.0 = Release|Any CPU
		{DA867CC2-89FB-467C-8005-41AF388F12E3}.Debug|Any CPU.ActiveCfg = Debug|Any CPU
		{DA867CC2-89FB-467C-8005-41AF388F12E3}.Debug|Any CPU.Build.0 = Debug|Any CPU
		{DA867CC2-89FB-467C-8005-41AF388F12E3}.Debug|x64.ActiveCfg = Debug|Any CPU
		{DA867CC2-89FB-467C-8005-41AF388F12E3}.Debug|x64.Build.0 = Debug|Any CPU
		{DA867CC2-89FB-467C-8005-41AF388F12E3}.Debug|x86.ActiveCfg = Debug|Any CPU
		{DA867CC2-89FB-467C-8005-41AF388F12E3}.Debug|x86.Build.0 = Debug|Any CPU
		{DA867CC2-89FB-467C-8005-41AF388F12E3}.Release|Any CPU.ActiveCfg = Release|Any CPU
		{DA867CC2-89FB-467C-8005-41AF388F12E3}.Release|Any CPU.Build.0 = Release|Any CPU
		{DA867CC2-89FB-467C-8005-41AF388F12E3}.Release|x64.ActiveCfg = Release|Any CPU
		{DA867CC2-89FB-467C-8005-41AF388F12E3}.Release|x64.Build.0 = Release|Any CPU
		{DA867CC2-89FB-467C-8005-41AF388F12E3}.Release|x86.ActiveCfg = Release|Any CPU
		{DA867CC2-89FB-467C-8005-41AF388F12E3}.Release|x86.Build.0 = Release|Any CPU
		{B8998F8F-A753-49BB-A168-4DF18B6049AD}.Debug|Any CPU.ActiveCfg = Debug|Any CPU
		{B8998F8F-A753-49BB-A168-4DF18B6049AD}.Debug|Any CPU.Build.0 = Debug|Any CPU
		{B8998F8F-A753-49BB-A168-4DF18B6049AD}.Debug|x64.ActiveCfg = Debug|Any CPU
		{B8998F8F-A753-49BB-A168-4DF18B6049AD}.Debug|x64.Build.0 = Debug|Any CPU
		{B8998F8F-A753-49BB-A168-4DF18B6049AD}.Debug|x86.ActiveCfg = Debug|Any CPU
		{B8998F8F-A753-49BB-A168-4DF18B6049AD}.Debug|x86.Build.0 = Debug|Any CPU
		{B8998F8F-A753-49BB-A168-4DF18B6049AD}.Release|Any CPU.ActiveCfg = Release|Any CPU
		{B8998F8F-A753-49BB-A168-4DF18B6049AD}.Release|Any CPU.Build.0 = Release|Any CPU
		{B8998F8F-A753-49BB-A168-4DF18B6049AD}.Release|x64.ActiveCfg = Release|Any CPU
		{B8998F8F-A753-49BB-A168-4DF18B6049AD}.Release|x64.Build.0 = Release|Any CPU
		{B8998F8F-A753-49BB-A168-4DF18B6049AD}.Release|x86.ActiveCfg = Release|Any CPU
		{B8998F8F-A753-49BB-A168-4DF18B6049AD}.Release|x86.Build.0 = Release|Any CPU
		{CA4A9971-654A-4852-8FEB-81414952CF5B}.Debug|Any CPU.ActiveCfg = Debug|Any CPU
		{CA4A9971-654A-4852-8FEB-81414952CF5B}.Debug|Any CPU.Build.0 = Debug|Any CPU
		{CA4A9971-654A-4852-8FEB-81414952CF5B}.Debug|x64.ActiveCfg = Debug|Any CPU
		{CA4A9971-654A-4852-8FEB-81414952CF5B}.Debug|x64.Build.0 = Debug|Any CPU
		{CA4A9971-654A-4852-8FEB-81414952CF5B}.Debug|x86.ActiveCfg = Debug|Any CPU
		{CA4A9971-654A-4852-8FEB-81414952CF5B}.Debug|x86.Build.0 = Debug|Any CPU
		{CA4A9971-654A-4852-8FEB-81414952CF5B}.Release|Any CPU.ActiveCfg = Release|Any CPU
		{CA4A9971-654A-4852-8FEB-81414952CF5B}.Release|Any CPU.Build.0 = Release|Any CPU
		{CA4A9971-654A-4852-8FEB-81414952CF5B}.Release|x64.ActiveCfg = Release|Any CPU
		{CA4A9971-654A-4852-8FEB-81414952CF5B}.Release|x64.Build.0 = Release|Any CPU
		{CA4A9971-654A-4852-8FEB-81414952CF5B}.Release|x86.ActiveCfg = Release|Any CPU
		{CA4A9971-654A-4852-8FEB-81414952CF5B}.Release|x86.Build.0 = Release|Any CPU
		{40EDC041-C262-414C-B374-631BF2D1BD97}.Debug|Any CPU.ActiveCfg = Debug|Any CPU
		{40EDC041-C262-414C-B374-631BF2D1BD97}.Debug|Any CPU.Build.0 = Debug|Any CPU
		{40EDC041-C262-414C-B374-631BF2D1BD97}.Debug|x64.ActiveCfg = Debug|Any CPU
		{40EDC041-C262-414C-B374-631BF2D1BD97}.Debug|x64.Build.0 = Debug|Any CPU
		{40EDC041-C262-414C-B374-631BF2D1BD97}.Debug|x86.ActiveCfg = Debug|Any CPU
		{40EDC041-C262-414C-B374-631BF2D1BD97}.Debug|x86.Build.0 = Debug|Any CPU
		{40EDC041-C262-414C-B374-631BF2D1BD97}.Release|Any CPU.ActiveCfg = Release|Any CPU
		{40EDC041-C262-414C-B374-631BF2D1BD97}.Release|Any CPU.Build.0 = Release|Any CPU
		{40EDC041-C262-414C-B374-631BF2D1BD97}.Release|x64.ActiveCfg = Release|Any CPU
		{40EDC041-C262-414C-B374-631BF2D1BD97}.Release|x64.Build.0 = Release|Any CPU
		{40EDC041-C262-414C-B374-631BF2D1BD97}.Release|x86.ActiveCfg = Release|Any CPU
		{40EDC041-C262-414C-B374-631BF2D1BD97}.Release|x86.Build.0 = Release|Any CPU
		{001840D4-8B83-4A8C-AF2C-5429D4F9A370}.Debug|Any CPU.ActiveCfg = Debug|Any CPU
		{001840D4-8B83-4A8C-AF2C-5429D4F9A370}.Debug|Any CPU.Build.0 = Debug|Any CPU
		{001840D4-8B83-4A8C-AF2C-5429D4F9A370}.Debug|x64.ActiveCfg = Debug|Any CPU
		{001840D4-8B83-4A8C-AF2C-5429D4F9A370}.Debug|x64.Build.0 = Debug|Any CPU
		{001840D4-8B83-4A8C-AF2C-5429D4F9A370}.Debug|x86.ActiveCfg = Debug|Any CPU
		{001840D4-8B83-4A8C-AF2C-5429D4F9A370}.Debug|x86.Build.0 = Debug|Any CPU
		{001840D4-8B83-4A8C-AF2C-5429D4F9A370}.Release|Any CPU.ActiveCfg = Release|Any CPU
		{001840D4-8B83-4A8C-AF2C-5429D4F9A370}.Release|Any CPU.Build.0 = Release|Any CPU
		{001840D4-8B83-4A8C-AF2C-5429D4F9A370}.Release|x64.ActiveCfg = Release|Any CPU
		{001840D4-8B83-4A8C-AF2C-5429D4F9A370}.Release|x64.Build.0 = Release|Any CPU
		{001840D4-8B83-4A8C-AF2C-5429D4F9A370}.Release|x86.ActiveCfg = Release|Any CPU
		{001840D4-8B83-4A8C-AF2C-5429D4F9A370}.Release|x86.Build.0 = Release|Any CPU
		{2A04808A-A06C-4F10-87B9-2D12E065F729}.Debug|Any CPU.ActiveCfg = Debug|Any CPU
		{2A04808A-A06C-4F10-87B9-2D12E065F729}.Debug|Any CPU.Build.0 = Debug|Any CPU
		{2A04808A-A06C-4F10-87B9-2D12E065F729}.Debug|x64.ActiveCfg = Debug|Any CPU
		{2A04808A-A06C-4F10-87B9-2D12E065F729}.Debug|x64.Build.0 = Debug|Any CPU
		{2A04808A-A06C-4F10-87B9-2D12E065F729}.Debug|x86.ActiveCfg = Debug|Any CPU
		{2A04808A-A06C-4F10-87B9-2D12E065F729}.Debug|x86.Build.0 = Debug|Any CPU
		{2A04808A-A06C-4F10-87B9-2D12E065F729}.Release|Any CPU.ActiveCfg = Release|Any CPU
		{2A04808A-A06C-4F10-87B9-2D12E065F729}.Release|Any CPU.Build.0 = Release|Any CPU
		{2A04808A-A06C-4F10-87B9-2D12E065F729}.Release|x64.ActiveCfg = Release|Any CPU
		{2A04808A-A06C-4F10-87B9-2D12E065F729}.Release|x64.Build.0 = Release|Any CPU
		{2A04808A-A06C-4F10-87B9-2D12E065F729}.Release|x86.ActiveCfg = Release|Any CPU
		{2A04808A-A06C-4F10-87B9-2D12E065F729}.Release|x86.Build.0 = Release|Any CPU
	EndGlobalSection
	GlobalSection(SolutionProperties) = preSolution
		HideSolutionNode = FALSE
	EndGlobalSection
	GlobalSection(NestedProjects) = preSolution
		{63FD9C99-C538-44BF-9AD4-D892775E336B} = {3C549079-A502-4B40-B051-5278915AE91B}
		{CE1159B9-F763-4C32-828A-77529A820415} = {E14F66D1-EA3E-40C6-835A-91A4382D4646}
		{FB30F557-D861-428B-A05D-49AE57F00EA4} = {B2A776DB-385B-4AD4-96A5-61746FD909C3}
		{8A1331D1-BAC3-4DD9-B16E-BB04BEE46D0A} = {3C549079-A502-4B40-B051-5278915AE91B}
		{93B5A99A-B7D8-4412-A801-BE6572157CFA} = {B2A776DB-385B-4AD4-96A5-61746FD909C3}
		{F01EA18D-DAA2-41A3-B6B4-5F7B185C3525} = {439382D9-7230-4AD0-A82F-956020041BDD}
		{E2D87CB5-8F05-4629-84FF-4B44CF86EDA4} = {3C549079-A502-4B40-B051-5278915AE91B}
		{B37CA136-3F20-4D8A-9677-E3A9C9D893EF} = {E14F66D1-EA3E-40C6-835A-91A4382D4646}
		{D8757F0F-254E-495F-961F-0192F8C97E3F} = {E14F66D1-EA3E-40C6-835A-91A4382D4646}
		{CBB98134-92F5-487D-8CA3-84C19FF46775} = {E14F66D1-EA3E-40C6-835A-91A4382D4646}
		{E02DF032-C17F-4D0C-9CAA-3BD3CC9E4F84} = {3C549079-A502-4B40-B051-5278915AE91B}
		{DDB9C401-6B1F-4727-A4CB-932034FBF94E} = {3C549079-A502-4B40-B051-5278915AE91B}
		{9C2A66C4-D695-4159-9F80-8BCE03303758} = {E14F66D1-EA3E-40C6-835A-91A4382D4646}
		{E6D2B82A-023E-4B8C-9E21-B924C9C918AD} = {9C2A66C4-D695-4159-9F80-8BCE03303758}
		{D63F8FA3-A0BD-43CA-ABA0-81DBF98646DF} = {9C2A66C4-D695-4159-9F80-8BCE03303758}
		{AAAAE630-8218-4769-9686-5BA07D043D0C} = {9C2A66C4-D695-4159-9F80-8BCE03303758}
		{F60AD9DD-A9AB-4181-8DBA-6A3D641D0398} = {E14F66D1-EA3E-40C6-835A-91A4382D4646}
		{0811690F-9155-44BF-A116-647834E28FF3} = {F60AD9DD-A9AB-4181-8DBA-6A3D641D0398}
		{DA867CC2-89FB-467C-8005-41AF388F12E3} = {0811690F-9155-44BF-A116-647834E28FF3}
		{B8998F8F-A753-49BB-A168-4DF18B6049AD} = {0811690F-9155-44BF-A116-647834E28FF3}
		{8A0FCD30-A6D9-4622-B4D5-90010DE0795E} = {F60AD9DD-A9AB-4181-8DBA-6A3D641D0398}
		{CA4A9971-654A-4852-8FEB-81414952CF5B} = {8A0FCD30-A6D9-4622-B4D5-90010DE0795E}
		{40EDC041-C262-414C-B374-631BF2D1BD97} = {8A0FCD30-A6D9-4622-B4D5-90010DE0795E}
		{001840D4-8B83-4A8C-AF2C-5429D4F9A370} = {B2A776DB-385B-4AD4-96A5-61746FD909C3}
		{2A04808A-A06C-4F10-87B9-2D12E065F729} = {B2A776DB-385B-4AD4-96A5-61746FD909C3}
	EndGlobalSection
	GlobalSection(ExtensibilityGlobals) = postSolution
		SolutionGuid = {3DAD5980-4688-4794-9CF0-6F3CB67194E7}
	EndGlobalSection
EndGlobal
